
Microsoft Visual Studio Solution File, Format Version 12.00
# Visual Studio 2013
VisualStudioVersion = 12.0.31101.0
MinimumVisualStudioVersion = 10.0.40219.1
Project("{2150E333-8FDC-42A3-9474-1A3956D46DE8}") = "Startup", "Startup", "{6211479C-E633-44D3-BAE9-E18E1CDB4B72}"
EndProject
Project("{2150E333-8FDC-42A3-9474-1A3956D46DE8}") = "Library", "Library", "{5C5527B8-D852-45F9-A892-7C81EE3B7975}"
EndProject
Project("{2150E333-8FDC-42A3-9474-1A3956D46DE8}") = "ORM", "ORM", "{8684A08E-2B19-4E9E-AD10-AE9F7104382F}"
EndProject
Project("{FAE04EC0-301F-11D3-BF4B-00C04F79EFBC}") = "AOP", "Library\AOP\AOP.csproj", "{61444396-8AFD-4041-B9A0-6D3B36440024}"
EndProject
Project("{FAE04EC0-301F-11D3-BF4B-00C04F79EFBC}") = "Common", "Library\Common\Common.csproj", "{E21BA0D2-9CF5-478F-9E50-5AFE78712B97}"
EndProject
Project("{FAE04EC0-301F-11D3-BF4B-00C04F79EFBC}") = "FTP", "Library\FTP\FTP.csproj", "{F83315EC-3CD0-413F-B8E6-C6259FB75A10}"
EndProject
Project("{FAE04EC0-301F-11D3-BF4B-00C04F79EFBC}") = "Lib", "Library\Lib\Lib.csproj", "{EF5C7793-C3D5-4FA6-8766-19A0665EEC58}"
EndProject
Project("{FAE04EC0-301F-11D3-BF4B-00C04F79EFBC}") = "Json", "Library\Newtonsoft.Json\Json.csproj", "{A9AE40FF-1A21-414A-9FE7-3BE13644CC6D}"
EndProject
Project("{FAE04EC0-301F-11D3-BF4B-00C04F79EFBC}") = "Reflection", "Library\Reflection\Reflection.csproj", "{9D8D8AB0-F912-47D7-B8A6-37BDF83DBE86}"
EndProject
Project("{FAE04EC0-301F-11D3-BF4B-00C04F79EFBC}") = "WebServiceCore", "Library\WebServiceCore\WebServiceCore.csproj", "{F70B162C-FB02-4A83-9967-151FBD240D16}"
EndProject
Project("{FAE04EC0-301F-11D3-BF4B-00C04F79EFBC}") = "XML", "Library\XML\XML.csproj", "{D596095F-F060-4496-96B6-2BD03B068E16}"
EndProject
Project("{FAE04EC0-301F-11D3-BF4B-00C04F79EFBC}") = "DAL", "Library\DAL\DAL.csproj", "{323CA08D-7749-484C-B7A3-EE709D1AF0FA}"
EndProject
Project("{2150E333-8FDC-42A3-9474-1A3956D46DE8}") = "Controller", "Controller", "{28CAA9FE-110E-4B62-ACA6-CE3144E61CB9}"
EndProject
Project("{FAE04EC0-301F-11D3-BF4B-00C04F79EFBC}") = "Controller", "Controller\Controller.csproj", "{C9437F89-A710-4097-9AC6-1A0B4DAF2B2B}"
EndProject
Project("{FAE04EC0-301F-11D3-BF4B-00C04F79EFBC}") = "Test", "Startup\Test\Test.csproj", "{07760BFF-1828-4681-8583-76929FB8A2ED}"
EndProject
Project("{FAE04EC0-301F-11D3-BF4B-00C04F79EFBC}") = "WebService", "Library\WebService\WebService.csproj", "{09576270-B770-442D-9C90-9F82B2C8F8CF}"
EndProject
Project("{FAE04EC0-301F-11D3-BF4B-00C04F79EFBC}") = "WebServicePool", "Startup\WebServicePool\WebServicePool.csproj", "{AFA71425-60D1-46D6-9264-D0B286D9DF16}"
EndProject
Project("{2150E333-8FDC-42A3-9474-1A3956D46DE8}") = "Models", "Models", "{C8E88402-4AB0-41A0-9C7E-9BD5273CE9AA}"
EndProject
Project("{FAE04EC0-301F-11D3-BF4B-00C04F79EFBC}") = "Model", "Models\Model.csproj", "{47026C03-6F4D-4155-BD42-78EC73044C73}"
EndProject
Project("{FAE04EC0-301F-11D3-BF4B-00C04F79EFBC}") = "7Zip", "Library\7Zip\7Zip.csproj", "{74F3B6DE-FE00-433C-A658-9169FF0B3456}"
EndProject
Project("{2150E333-8FDC-42A3-9474-1A3956D46DE8}") = "Server", "Server", "{EBB91AA3-6271-4411-82D6-849550C5046C}"
EndProject
Project("{2150E333-8FDC-42A3-9474-1A3956D46DE8}") = "SOAService", "SOAService", "{6E1C9072-68AD-4A60-8552-0D013449AB13}"
EndProject
Project("{FAE04EC0-301F-11D3-BF4B-00C04F79EFBC}") = "Http", "Library\Http\Http.csproj", "{B5168C1F-6145-4453-9E20-D2F69883B49B}"
EndProject
Project("{FAE04EC0-301F-11D3-BF4B-00C04F79EFBC}") = "Service.Core", "Service\Service.Core\Service.Core.csproj", "{08AF2D5B-B605-44C2-850C-67CFDD22CF35}"
EndProject
Project("{FAE04EC0-301F-11D3-BF4B-00C04F79EFBC}") = "ServicePoolManager", "Library\CacheManager\ServicePoolManager.csproj", "{D6312221-F728-4A36-8811-E958A530C113}"
EndProject
Project("{FAE04EC0-301F-11D3-BF4B-00C04F79EFBC}") = "Zip", "Library\Zip\Zip.csproj", "{E7CD91FA-58B6-44C8-AE15-830212597DBD}"
EndProject
Project("{FAE04EC0-301F-11D3-BF4B-00C04F79EFBC}") = "Extension", "Library\Extension\Extension.csproj", "{94F414D4-4C82-46FE-96FC-B0F1C1FAAB5A}"
EndProject
Project("{FAE04EC0-301F-11D3-BF4B-00C04F79EFBC}") = "ORMDriver", "ORM\ORMDriver\ORMDriver.csproj", "{7F09D4A5-7B1C-4B9A-BC8C-81BB60C1CA81}"
EndProject
Project("{FAE04EC0-301F-11D3-BF4B-00C04F79EFBC}") = "Cache", "Library\Cache\Cache.csproj", "{3DD01ADF-6859-4D75-AAE0-473C7DFE944B}"
EndProject
Project("{FAE04EC0-301F-11D3-BF4B-00C04F79EFBC}") = "Server.UI", "Server\Server.UI\Server.UI.csproj", "{F5C527C7-2C40-4F0A-8553-92767683C026}"
EndProject
Project("{FAE04EC0-301F-11D3-BF4B-00C04F79EFBC}") = "Service.UI", "Service\Service.UI\Service.UI.csproj", "{C52B2B40-A1DD-4E10-B3B7-1D23883ABF32}"
EndProject
Project("{FAE04EC0-301F-11D3-BF4B-00C04F79EFBC}") = "DefaultFilter", "Service\DefaultFilter\DefaultFilter.csproj", "{41379561-95A9-4210-8A8F-69659A48D764}"
EndProject
Project("{FAE04EC0-301F-11D3-BF4B-00C04F79EFBC}") = "Service.SDK.Core", "Service\Service.SDK.Core\Service.SDK.Core.csproj", "{C389F2F0-20AB-4B4D-84EC-0B794B222CEA}"
EndProject
Project("{FAE04EC0-301F-11D3-BF4B-00C04F79EFBC}") = "RazorEngine", "Library\RazorEngine\RazorEngine.csproj", "{79AA28F5-06DF-4F2A-BFF7-A4680F6FD010}"
EndProject
Project("{FAE04EC0-301F-11D3-BF4B-00C04F79EFBC}") = "Barcode", "Library\Barcode\Barcode.csproj", "{EC562C27-03C6-47C1-9C6F-70DCBC9BF01B}"
EndProject
Project("{FAE04EC0-301F-11D3-BF4B-00C04F79EFBC}") = "Validator", "Library\Validator\Validator.csproj", "{E8C697C0-7705-450D-B294-A48D16373849}"
EndProject
Project("{2150E333-8FDC-42A3-9474-1A3956D46DE8}") = "Testing", "Testing", "{7AA3BEBE-B65C-42FD-94CC-8363F427B02B}"
EndProject
Project("{FAE04EC0-301F-11D3-BF4B-00C04F79EFBC}") = "UnitTest", "UnitTest\UnitTest.csproj", "{4CF7D6DF-4D60-490E-A1B3-757CAEE580A6}"
EndProject
Global
	GlobalSection(SolutionConfigurationPlatforms) = preSolution
		Debug|Any CPU = Debug|Any CPU
		Debug|Mixed Platforms = Debug|Mixed Platforms
		Debug|x86 = Debug|x86
		Release|Any CPU = Release|Any CPU
		Release|Mixed Platforms = Release|Mixed Platforms
		Release|x86 = Release|x86
	EndGlobalSection
	GlobalSection(ProjectConfigurationPlatforms) = postSolution
		{61444396-8AFD-4041-B9A0-6D3B36440024}.Debug|Any CPU.ActiveCfg = Debug|Any CPU
		{61444396-8AFD-4041-B9A0-6D3B36440024}.Debug|Any CPU.Build.0 = Debug|Any CPU
		{61444396-8AFD-4041-B9A0-6D3B36440024}.Debug|Mixed Platforms.ActiveCfg = Debug|Any CPU
		{61444396-8AFD-4041-B9A0-6D3B36440024}.Debug|Mixed Platforms.Build.0 = Debug|Any CPU
		{61444396-8AFD-4041-B9A0-6D3B36440024}.Debug|x86.ActiveCfg = Debug|Any CPU
		{61444396-8AFD-4041-B9A0-6D3B36440024}.Release|Any CPU.ActiveCfg = Release|Any CPU
		{61444396-8AFD-4041-B9A0-6D3B36440024}.Release|Any CPU.Build.0 = Release|Any CPU
		{61444396-8AFD-4041-B9A0-6D3B36440024}.Release|Mixed Platforms.ActiveCfg = Release|Any CPU
		{61444396-8AFD-4041-B9A0-6D3B36440024}.Release|Mixed Platforms.Build.0 = Release|Any CPU
		{61444396-8AFD-4041-B9A0-6D3B36440024}.Release|x86.ActiveCfg = Release|Any CPU
		{E21BA0D2-9CF5-478F-9E50-5AFE78712B97}.Debug|Any CPU.ActiveCfg = Debug|Any CPU
		{E21BA0D2-9CF5-478F-9E50-5AFE78712B97}.Debug|Any CPU.Build.0 = Debug|Any CPU
		{E21BA0D2-9CF5-478F-9E50-5AFE78712B97}.Debug|Mixed Platforms.ActiveCfg = Debug|Any CPU
		{E21BA0D2-9CF5-478F-9E50-5AFE78712B97}.Debug|Mixed Platforms.Build.0 = Debug|Any CPU
		{E21BA0D2-9CF5-478F-9E50-5AFE78712B97}.Debug|x86.ActiveCfg = Debug|Any CPU
		{E21BA0D2-9CF5-478F-9E50-5AFE78712B97}.Release|Any CPU.ActiveCfg = Release|Any CPU
		{E21BA0D2-9CF5-478F-9E50-5AFE78712B97}.Release|Any CPU.Build.0 = Release|Any CPU
		{E21BA0D2-9CF5-478F-9E50-5AFE78712B97}.Release|Mixed Platforms.ActiveCfg = Release|Any CPU
		{E21BA0D2-9CF5-478F-9E50-5AFE78712B97}.Release|Mixed Platforms.Build.0 = Release|Any CPU
		{E21BA0D2-9CF5-478F-9E50-5AFE78712B97}.Release|x86.ActiveCfg = Release|Any CPU
		{F83315EC-3CD0-413F-B8E6-C6259FB75A10}.Debug|Any CPU.ActiveCfg = Debug|Any CPU
		{F83315EC-3CD0-413F-B8E6-C6259FB75A10}.Debug|Any CPU.Build.0 = Debug|Any CPU
		{F83315EC-3CD0-413F-B8E6-C6259FB75A10}.Debug|Mixed Platforms.ActiveCfg = Debug|Any CPU
		{F83315EC-3CD0-413F-B8E6-C6259FB75A10}.Debug|Mixed Platforms.Build.0 = Debug|Any CPU
		{F83315EC-3CD0-413F-B8E6-C6259FB75A10}.Debug|x86.ActiveCfg = Debug|Any CPU
		{F83315EC-3CD0-413F-B8E6-C6259FB75A10}.Release|Any CPU.ActiveCfg = Release|Any CPU
		{F83315EC-3CD0-413F-B8E6-C6259FB75A10}.Release|Any CPU.Build.0 = Release|Any CPU
		{F83315EC-3CD0-413F-B8E6-C6259FB75A10}.Release|Mixed Platforms.ActiveCfg = Release|Any CPU
		{F83315EC-3CD0-413F-B8E6-C6259FB75A10}.Release|Mixed Platforms.Build.0 = Release|Any CPU
		{F83315EC-3CD0-413F-B8E6-C6259FB75A10}.Release|x86.ActiveCfg = Release|Any CPU
		{EF5C7793-C3D5-4FA6-8766-19A0665EEC58}.Debug|Any CPU.ActiveCfg = Debug|Any CPU
		{EF5C7793-C3D5-4FA6-8766-19A0665EEC58}.Debug|Any CPU.Build.0 = Debug|Any CPU
		{EF5C7793-C3D5-4FA6-8766-19A0665EEC58}.Debug|Mixed Platforms.ActiveCfg = Debug|Any CPU
		{EF5C7793-C3D5-4FA6-8766-19A0665EEC58}.Debug|Mixed Platforms.Build.0 = Debug|Any CPU
		{EF5C7793-C3D5-4FA6-8766-19A0665EEC58}.Debug|x86.ActiveCfg = Debug|x86
		{EF5C7793-C3D5-4FA6-8766-19A0665EEC58}.Debug|x86.Build.0 = Debug|x86
		{EF5C7793-C3D5-4FA6-8766-19A0665EEC58}.Release|Any CPU.ActiveCfg = Release|Any CPU
		{EF5C7793-C3D5-4FA6-8766-19A0665EEC58}.Release|Any CPU.Build.0 = Release|Any CPU
		{EF5C7793-C3D5-4FA6-8766-19A0665EEC58}.Release|Mixed Platforms.ActiveCfg = Release|x86
		{EF5C7793-C3D5-4FA6-8766-19A0665EEC58}.Release|Mixed Platforms.Build.0 = Release|x86
		{EF5C7793-C3D5-4FA6-8766-19A0665EEC58}.Release|x86.ActiveCfg = Release|x86
		{EF5C7793-C3D5-4FA6-8766-19A0665EEC58}.Release|x86.Build.0 = Release|x86
		{A9AE40FF-1A21-414A-9FE7-3BE13644CC6D}.Debug|Any CPU.ActiveCfg = Debug|Any CPU
		{A9AE40FF-1A21-414A-9FE7-3BE13644CC6D}.Debug|Any CPU.Build.0 = Debug|Any CPU
		{A9AE40FF-1A21-414A-9FE7-3BE13644CC6D}.Debug|Mixed Platforms.ActiveCfg = Debug|Any CPU
		{A9AE40FF-1A21-414A-9FE7-3BE13644CC6D}.Debug|Mixed Platforms.Build.0 = Debug|Any CPU
		{A9AE40FF-1A21-414A-9FE7-3BE13644CC6D}.Debug|x86.ActiveCfg = Debug|Any CPU
		{A9AE40FF-1A21-414A-9FE7-3BE13644CC6D}.Release|Any CPU.ActiveCfg = Release|Any CPU
		{A9AE40FF-1A21-414A-9FE7-3BE13644CC6D}.Release|Any CPU.Build.0 = Release|Any CPU
		{A9AE40FF-1A21-414A-9FE7-3BE13644CC6D}.Release|Mixed Platforms.ActiveCfg = Release|Any CPU
		{A9AE40FF-1A21-414A-9FE7-3BE13644CC6D}.Release|Mixed Platforms.Build.0 = Release|Any CPU
		{A9AE40FF-1A21-414A-9FE7-3BE13644CC6D}.Release|x86.ActiveCfg = Release|Any CPU
		{9D8D8AB0-F912-47D7-B8A6-37BDF83DBE86}.Debug|Any CPU.ActiveCfg = Debug|Any CPU
		{9D8D8AB0-F912-47D7-B8A6-37BDF83DBE86}.Debug|Any CPU.Build.0 = Debug|Any CPU
		{9D8D8AB0-F912-47D7-B8A6-37BDF83DBE86}.Debug|Mixed Platforms.ActiveCfg = Debug|Any CPU
		{9D8D8AB0-F912-47D7-B8A6-37BDF83DBE86}.Debug|Mixed Platforms.Build.0 = Debug|Any CPU
		{9D8D8AB0-F912-47D7-B8A6-37BDF83DBE86}.Debug|x86.ActiveCfg = Debug|Any CPU
		{9D8D8AB0-F912-47D7-B8A6-37BDF83DBE86}.Release|Any CPU.ActiveCfg = Release|Any CPU
		{9D8D8AB0-F912-47D7-B8A6-37BDF83DBE86}.Release|Any CPU.Build.0 = Release|Any CPU
		{9D8D8AB0-F912-47D7-B8A6-37BDF83DBE86}.Release|Mixed Platforms.ActiveCfg = Release|Any CPU
		{9D8D8AB0-F912-47D7-B8A6-37BDF83DBE86}.Release|Mixed Platforms.Build.0 = Release|Any CPU
		{9D8D8AB0-F912-47D7-B8A6-37BDF83DBE86}.Release|x86.ActiveCfg = Release|Any CPU
		{F70B162C-FB02-4A83-9967-151FBD240D16}.Debug|Any CPU.ActiveCfg = Debug|Any CPU
		{F70B162C-FB02-4A83-9967-151FBD240D16}.Debug|Any CPU.Build.0 = Debug|Any CPU
		{F70B162C-FB02-4A83-9967-151FBD240D16}.Debug|Mixed Platforms.ActiveCfg = Debug|Any CPU
		{F70B162C-FB02-4A83-9967-151FBD240D16}.Debug|Mixed Platforms.Build.0 = Debug|Any CPU
		{F70B162C-FB02-4A83-9967-151FBD240D16}.Debug|x86.ActiveCfg = Debug|Any CPU
		{F70B162C-FB02-4A83-9967-151FBD240D16}.Release|Any CPU.ActiveCfg = Release|Any CPU
		{F70B162C-FB02-4A83-9967-151FBD240D16}.Release|Any CPU.Build.0 = Release|Any CPU
		{F70B162C-FB02-4A83-9967-151FBD240D16}.Release|Mixed Platforms.ActiveCfg = Release|Any CPU
		{F70B162C-FB02-4A83-9967-151FBD240D16}.Release|Mixed Platforms.Build.0 = Release|Any CPU
		{F70B162C-FB02-4A83-9967-151FBD240D16}.Release|x86.ActiveCfg = Release|Any CPU
		{D596095F-F060-4496-96B6-2BD03B068E16}.Debug|Any CPU.ActiveCfg = Debug|Any CPU
		{D596095F-F060-4496-96B6-2BD03B068E16}.Debug|Any CPU.Build.0 = Debug|Any CPU
		{D596095F-F060-4496-96B6-2BD03B068E16}.Debug|Mixed Platforms.ActiveCfg = Debug|Any CPU
		{D596095F-F060-4496-96B6-2BD03B068E16}.Debug|Mixed Platforms.Build.0 = Debug|Any CPU
		{D596095F-F060-4496-96B6-2BD03B068E16}.Debug|x86.ActiveCfg = Debug|Any CPU
		{D596095F-F060-4496-96B6-2BD03B068E16}.Release|Any CPU.ActiveCfg = Release|Any CPU
		{D596095F-F060-4496-96B6-2BD03B068E16}.Release|Any CPU.Build.0 = Release|Any CPU
		{D596095F-F060-4496-96B6-2BD03B068E16}.Release|Mixed Platforms.ActiveCfg = Release|Any CPU
		{D596095F-F060-4496-96B6-2BD03B068E16}.Release|Mixed Platforms.Build.0 = Release|Any CPU
		{D596095F-F060-4496-96B6-2BD03B068E16}.Release|x86.ActiveCfg = Release|Any CPU
		{323CA08D-7749-484C-B7A3-EE709D1AF0FA}.Debug|Any CPU.ActiveCfg = Debug|Any CPU
		{323CA08D-7749-484C-B7A3-EE709D1AF0FA}.Debug|Any CPU.Build.0 = Debug|Any CPU
		{323CA08D-7749-484C-B7A3-EE709D1AF0FA}.Debug|Mixed Platforms.ActiveCfg = Debug|Any CPU
		{323CA08D-7749-484C-B7A3-EE709D1AF0FA}.Debug|Mixed Platforms.Build.0 = Debug|Any CPU
		{323CA08D-7749-484C-B7A3-EE709D1AF0FA}.Debug|x86.ActiveCfg = Debug|Any CPU
		{323CA08D-7749-484C-B7A3-EE709D1AF0FA}.Release|Any CPU.ActiveCfg = Release|Any CPU
		{323CA08D-7749-484C-B7A3-EE709D1AF0FA}.Release|Any CPU.Build.0 = Release|Any CPU
		{323CA08D-7749-484C-B7A3-EE709D1AF0FA}.Release|Mixed Platforms.ActiveCfg = Release|Any CPU
		{323CA08D-7749-484C-B7A3-EE709D1AF0FA}.Release|Mixed Platforms.Build.0 = Release|Any CPU
		{323CA08D-7749-484C-B7A3-EE709D1AF0FA}.Release|x86.ActiveCfg = Release|Any CPU
		{C9437F89-A710-4097-9AC6-1A0B4DAF2B2B}.Debug|Any CPU.ActiveCfg = Debug|Any CPU
		{C9437F89-A710-4097-9AC6-1A0B4DAF2B2B}.Debug|Any CPU.Build.0 = Debug|Any CPU
		{C9437F89-A710-4097-9AC6-1A0B4DAF2B2B}.Debug|Mixed Platforms.ActiveCfg = Debug|Any CPU
		{C9437F89-A710-4097-9AC6-1A0B4DAF2B2B}.Debug|Mixed Platforms.Build.0 = Debug|Any CPU
		{C9437F89-A710-4097-9AC6-1A0B4DAF2B2B}.Debug|x86.ActiveCfg = Debug|Any CPU
		{C9437F89-A710-4097-9AC6-1A0B4DAF2B2B}.Release|Any CPU.ActiveCfg = Release|Any CPU
		{C9437F89-A710-4097-9AC6-1A0B4DAF2B2B}.Release|Any CPU.Build.0 = Release|Any CPU
		{C9437F89-A710-4097-9AC6-1A0B4DAF2B2B}.Release|Mixed Platforms.ActiveCfg = Release|Any CPU
		{C9437F89-A710-4097-9AC6-1A0B4DAF2B2B}.Release|Mixed Platforms.Build.0 = Release|Any CPU
		{C9437F89-A710-4097-9AC6-1A0B4DAF2B2B}.Release|x86.ActiveCfg = Release|Any CPU
		{07760BFF-1828-4681-8583-76929FB8A2ED}.Debug|Any CPU.ActiveCfg = Debug|x86
		{07760BFF-1828-4681-8583-76929FB8A2ED}.Debug|Mixed Platforms.ActiveCfg = Debug|x86
		{07760BFF-1828-4681-8583-76929FB8A2ED}.Debug|Mixed Platforms.Build.0 = Debug|x86
		{07760BFF-1828-4681-8583-76929FB8A2ED}.Debug|x86.ActiveCfg = Debug|x86
		{07760BFF-1828-4681-8583-76929FB8A2ED}.Debug|x86.Build.0 = Debug|x86
		{07760BFF-1828-4681-8583-76929FB8A2ED}.Release|Any CPU.ActiveCfg = Release|x86
		{07760BFF-1828-4681-8583-76929FB8A2ED}.Release|Mixed Platforms.ActiveCfg = Release|x86
		{07760BFF-1828-4681-8583-76929FB8A2ED}.Release|Mixed Platforms.Build.0 = Release|x86
		{07760BFF-1828-4681-8583-76929FB8A2ED}.Release|x86.ActiveCfg = Release|x86
		{07760BFF-1828-4681-8583-76929FB8A2ED}.Release|x86.Build.0 = Release|x86
		{09576270-B770-442D-9C90-9F82B2C8F8CF}.Debug|Any CPU.ActiveCfg = Debug|Any CPU
		{09576270-B770-442D-9C90-9F82B2C8F8CF}.Debug|Any CPU.Build.0 = Debug|Any CPU
		{09576270-B770-442D-9C90-9F82B2C8F8CF}.Debug|Mixed Platforms.ActiveCfg = Debug|Any CPU
		{09576270-B770-442D-9C90-9F82B2C8F8CF}.Debug|Mixed Platforms.Build.0 = Debug|Any CPU
		{09576270-B770-442D-9C90-9F82B2C8F8CF}.Debug|x86.ActiveCfg = Debug|Any CPU
		{09576270-B770-442D-9C90-9F82B2C8F8CF}.Release|Any CPU.ActiveCfg = Release|Any CPU
		{09576270-B770-442D-9C90-9F82B2C8F8CF}.Release|Any CPU.Build.0 = Release|Any CPU
		{09576270-B770-442D-9C90-9F82B2C8F8CF}.Release|Mixed Platforms.ActiveCfg = Release|Any CPU
		{09576270-B770-442D-9C90-9F82B2C8F8CF}.Release|Mixed Platforms.Build.0 = Release|Any CPU
		{09576270-B770-442D-9C90-9F82B2C8F8CF}.Release|x86.ActiveCfg = Release|Any CPU
		{AFA71425-60D1-46D6-9264-D0B286D9DF16}.Debug|Any CPU.ActiveCfg = Debug|Any CPU
		{AFA71425-60D1-46D6-9264-D0B286D9DF16}.Debug|Any CPU.Build.0 = Debug|Any CPU
		{AFA71425-60D1-46D6-9264-D0B286D9DF16}.Debug|Mixed Platforms.ActiveCfg = Debug|Any CPU
		{AFA71425-60D1-46D6-9264-D0B286D9DF16}.Debug|Mixed Platforms.Build.0 = Debug|Any CPU
		{AFA71425-60D1-46D6-9264-D0B286D9DF16}.Debug|x86.ActiveCfg = Debug|Any CPU
		{AFA71425-60D1-46D6-9264-D0B286D9DF16}.Release|Any CPU.ActiveCfg = Release|Any CPU
		{AFA71425-60D1-46D6-9264-D0B286D9DF16}.Release|Any CPU.Build.0 = Release|Any CPU
		{AFA71425-60D1-46D6-9264-D0B286D9DF16}.Release|Mixed Platforms.ActiveCfg = Release|Any CPU
		{AFA71425-60D1-46D6-9264-D0B286D9DF16}.Release|Mixed Platforms.Build.0 = Release|Any CPU
		{AFA71425-60D1-46D6-9264-D0B286D9DF16}.Release|x86.ActiveCfg = Release|Any CPU
		{47026C03-6F4D-4155-BD42-78EC73044C73}.Debug|Any CPU.ActiveCfg = Debug|Any CPU
		{47026C03-6F4D-4155-BD42-78EC73044C73}.Debug|Any CPU.Build.0 = Debug|Any CPU
		{47026C03-6F4D-4155-BD42-78EC73044C73}.Debug|Mixed Platforms.ActiveCfg = Debug|Any CPU
		{47026C03-6F4D-4155-BD42-78EC73044C73}.Debug|Mixed Platforms.Build.0 = Debug|Any CPU
		{47026C03-6F4D-4155-BD42-78EC73044C73}.Debug|x86.ActiveCfg = Debug|Any CPU
		{47026C03-6F4D-4155-BD42-78EC73044C73}.Release|Any CPU.ActiveCfg = Release|Any CPU
		{47026C03-6F4D-4155-BD42-78EC73044C73}.Release|Any CPU.Build.0 = Release|Any CPU
		{47026C03-6F4D-4155-BD42-78EC73044C73}.Release|Mixed Platforms.ActiveCfg = Release|Any CPU
		{47026C03-6F4D-4155-BD42-78EC73044C73}.Release|Mixed Platforms.Build.0 = Release|Any CPU
		{47026C03-6F4D-4155-BD42-78EC73044C73}.Release|x86.ActiveCfg = Release|Any CPU
		{74F3B6DE-FE00-433C-A658-9169FF0B3456}.Debug|Any CPU.ActiveCfg = Debug|Any CPU
		{74F3B6DE-FE00-433C-A658-9169FF0B3456}.Debug|Any CPU.Build.0 = Debug|Any CPU
		{74F3B6DE-FE00-433C-A658-9169FF0B3456}.Debug|Mixed Platforms.ActiveCfg = Debug|Any CPU
		{74F3B6DE-FE00-433C-A658-9169FF0B3456}.Debug|Mixed Platforms.Build.0 = Debug|Any CPU
		{74F3B6DE-FE00-433C-A658-9169FF0B3456}.Debug|x86.ActiveCfg = Debug|Any CPU
		{74F3B6DE-FE00-433C-A658-9169FF0B3456}.Release|Any CPU.ActiveCfg = Release|Any CPU
		{74F3B6DE-FE00-433C-A658-9169FF0B3456}.Release|Any CPU.Build.0 = Release|Any CPU
		{74F3B6DE-FE00-433C-A658-9169FF0B3456}.Release|Mixed Platforms.ActiveCfg = Release|Any CPU
		{74F3B6DE-FE00-433C-A658-9169FF0B3456}.Release|Mixed Platforms.Build.0 = Release|Any CPU
		{74F3B6DE-FE00-433C-A658-9169FF0B3456}.Release|x86.ActiveCfg = Release|Any CPU
		{B5168C1F-6145-4453-9E20-D2F69883B49B}.Debug|Any CPU.ActiveCfg = Debug|Any CPU
		{B5168C1F-6145-4453-9E20-D2F69883B49B}.Debug|Any CPU.Build.0 = Debug|Any CPU
		{B5168C1F-6145-4453-9E20-D2F69883B49B}.Debug|Mixed Platforms.ActiveCfg = Debug|Any CPU
		{B5168C1F-6145-4453-9E20-D2F69883B49B}.Debug|Mixed Platforms.Build.0 = Debug|Any CPU
		{B5168C1F-6145-4453-9E20-D2F69883B49B}.Debug|x86.ActiveCfg = Debug|Any CPU
		{B5168C1F-6145-4453-9E20-D2F69883B49B}.Release|Any CPU.ActiveCfg = Release|Any CPU
		{B5168C1F-6145-4453-9E20-D2F69883B49B}.Release|Any CPU.Build.0 = Release|Any CPU
		{B5168C1F-6145-4453-9E20-D2F69883B49B}.Release|Mixed Platforms.ActiveCfg = Release|Any CPU
		{B5168C1F-6145-4453-9E20-D2F69883B49B}.Release|Mixed Platforms.Build.0 = Release|Any CPU
		{B5168C1F-6145-4453-9E20-D2F69883B49B}.Release|x86.ActiveCfg = Release|Any CPU
		{08AF2D5B-B605-44C2-850C-67CFDD22CF35}.Debug|Any CPU.ActiveCfg = Debug|Any CPU
		{08AF2D5B-B605-44C2-850C-67CFDD22CF35}.Debug|Any CPU.Build.0 = Debug|Any CPU
		{08AF2D5B-B605-44C2-850C-67CFDD22CF35}.Debug|Mixed Platforms.ActiveCfg = Debug|Any CPU
		{08AF2D5B-B605-44C2-850C-67CFDD22CF35}.Debug|Mixed Platforms.Build.0 = Debug|Any CPU
		{08AF2D5B-B605-44C2-850C-67CFDD22CF35}.Debug|x86.ActiveCfg = Debug|Any CPU
		{08AF2D5B-B605-44C2-850C-67CFDD22CF35}.Release|Any CPU.ActiveCfg = Release|Any CPU
		{08AF2D5B-B605-44C2-850C-67CFDD22CF35}.Release|Any CPU.Build.0 = Release|Any CPU
		{08AF2D5B-B605-44C2-850C-67CFDD22CF35}.Release|Mixed Platforms.ActiveCfg = Release|Any CPU
		{08AF2D5B-B605-44C2-850C-67CFDD22CF35}.Release|Mixed Platforms.Build.0 = Release|Any CPU
		{08AF2D5B-B605-44C2-850C-67CFDD22CF35}.Release|x86.ActiveCfg = Release|Any CPU
		{D6312221-F728-4A36-8811-E958A530C113}.Debug|Any CPU.ActiveCfg = Debug|Any CPU
		{D6312221-F728-4A36-8811-E958A530C113}.Debug|Any CPU.Build.0 = Debug|Any CPU
		{D6312221-F728-4A36-8811-E958A530C113}.Debug|Mixed Platforms.ActiveCfg = Debug|Any CPU
		{D6312221-F728-4A36-8811-E958A530C113}.Debug|Mixed Platforms.Build.0 = Debug|Any CPU
		{D6312221-F728-4A36-8811-E958A530C113}.Debug|x86.ActiveCfg = Debug|Any CPU
		{D6312221-F728-4A36-8811-E958A530C113}.Release|Any CPU.ActiveCfg = Release|Any CPU
		{D6312221-F728-4A36-8811-E958A530C113}.Release|Any CPU.Build.0 = Release|Any CPU
		{D6312221-F728-4A36-8811-E958A530C113}.Release|Mixed Platforms.ActiveCfg = Release|Any CPU
		{D6312221-F728-4A36-8811-E958A530C113}.Release|Mixed Platforms.Build.0 = Release|Any CPU
		{D6312221-F728-4A36-8811-E958A530C113}.Release|x86.ActiveCfg = Release|Any CPU
		{E7CD91FA-58B6-44C8-AE15-830212597DBD}.Debug|Any CPU.ActiveCfg = Debug|Any CPU
		{E7CD91FA-58B6-44C8-AE15-830212597DBD}.Debug|Any CPU.Build.0 = Debug|Any CPU
		{E7CD91FA-58B6-44C8-AE15-830212597DBD}.Debug|Mixed Platforms.ActiveCfg = Debug|Any CPU
		{E7CD91FA-58B6-44C8-AE15-830212597DBD}.Debug|Mixed Platforms.Build.0 = Debug|Any CPU
		{E7CD91FA-58B6-44C8-AE15-830212597DBD}.Debug|x86.ActiveCfg = Debug|Any CPU
		{E7CD91FA-58B6-44C8-AE15-830212597DBD}.Release|Any CPU.ActiveCfg = Release|Any CPU
		{E7CD91FA-58B6-44C8-AE15-830212597DBD}.Release|Any CPU.Build.0 = Release|Any CPU
		{E7CD91FA-58B6-44C8-AE15-830212597DBD}.Release|Mixed Platforms.ActiveCfg = Release|Any CPU
		{E7CD91FA-58B6-44C8-AE15-830212597DBD}.Release|Mixed Platforms.Build.0 = Release|Any CPU
		{E7CD91FA-58B6-44C8-AE15-830212597DBD}.Release|x86.ActiveCfg = Release|Any CPU
		{94F414D4-4C82-46FE-96FC-B0F1C1FAAB5A}.Debug|Any CPU.ActiveCfg = Debug|Any CPU
		{94F414D4-4C82-46FE-96FC-B0F1C1FAAB5A}.Debug|Any CPU.Build.0 = Debug|Any CPU
		{94F414D4-4C82-46FE-96FC-B0F1C1FAAB5A}.Debug|Mixed Platforms.ActiveCfg = Debug|Any CPU
		{94F414D4-4C82-46FE-96FC-B0F1C1FAAB5A}.Debug|Mixed Platforms.Build.0 = Debug|Any CPU
		{94F414D4-4C82-46FE-96FC-B0F1C1FAAB5A}.Debug|x86.ActiveCfg = Debug|Any CPU
		{94F414D4-4C82-46FE-96FC-B0F1C1FAAB5A}.Release|Any CPU.ActiveCfg = Release|Any CPU
		{94F414D4-4C82-46FE-96FC-B0F1C1FAAB5A}.Release|Any CPU.Build.0 = Release|Any CPU
		{94F414D4-4C82-46FE-96FC-B0F1C1FAAB5A}.Release|Mixed Platforms.ActiveCfg = Release|Any CPU
		{94F414D4-4C82-46FE-96FC-B0F1C1FAAB5A}.Release|Mixed Platforms.Build.0 = Release|Any CPU
		{94F414D4-4C82-46FE-96FC-B0F1C1FAAB5A}.Release|x86.ActiveCfg = Release|Any CPU
		{7F09D4A5-7B1C-4B9A-BC8C-81BB60C1CA81}.Debug|Any CPU.ActiveCfg = Debug|Any CPU
		{7F09D4A5-7B1C-4B9A-BC8C-81BB60C1CA81}.Debug|Any CPU.Build.0 = Debug|Any CPU
		{7F09D4A5-7B1C-4B9A-BC8C-81BB60C1CA81}.Debug|Mixed Platforms.ActiveCfg = Debug|Any CPU
		{7F09D4A5-7B1C-4B9A-BC8C-81BB60C1CA81}.Debug|Mixed Platforms.Build.0 = Debug|Any CPU
		{7F09D4A5-7B1C-4B9A-BC8C-81BB60C1CA81}.Debug|x86.ActiveCfg = Debug|Any CPU
		{7F09D4A5-7B1C-4B9A-BC8C-81BB60C1CA81}.Release|Any CPU.ActiveCfg = Release|Any CPU
		{7F09D4A5-7B1C-4B9A-BC8C-81BB60C1CA81}.Release|Any CPU.Build.0 = Release|Any CPU
		{7F09D4A5-7B1C-4B9A-BC8C-81BB60C1CA81}.Release|Mixed Platforms.ActiveCfg = Release|Any CPU
		{7F09D4A5-7B1C-4B9A-BC8C-81BB60C1CA81}.Release|Mixed Platforms.Build.0 = Release|Any CPU
		{7F09D4A5-7B1C-4B9A-BC8C-81BB60C1CA81}.Release|x86.ActiveCfg = Release|Any CPU
		{3DD01ADF-6859-4D75-AAE0-473C7DFE944B}.Debug|Any CPU.ActiveCfg = Debug|Any CPU
		{3DD01ADF-6859-4D75-AAE0-473C7DFE944B}.Debug|Any CPU.Build.0 = Debug|Any CPU
		{3DD01ADF-6859-4D75-AAE0-473C7DFE944B}.Debug|Mixed Platforms.ActiveCfg = Debug|Any CPU
		{3DD01ADF-6859-4D75-AAE0-473C7DFE944B}.Debug|Mixed Platforms.Build.0 = Debug|Any CPU
		{3DD01ADF-6859-4D75-AAE0-473C7DFE944B}.Debug|x86.ActiveCfg = Debug|Any CPU
		{3DD01ADF-6859-4D75-AAE0-473C7DFE944B}.Release|Any CPU.ActiveCfg = Release|Any CPU
		{3DD01ADF-6859-4D75-AAE0-473C7DFE944B}.Release|Any CPU.Build.0 = Release|Any CPU
		{3DD01ADF-6859-4D75-AAE0-473C7DFE944B}.Release|Mixed Platforms.ActiveCfg = Release|Any CPU
		{3DD01ADF-6859-4D75-AAE0-473C7DFE944B}.Release|Mixed Platforms.Build.0 = Release|Any CPU
		{3DD01ADF-6859-4D75-AAE0-473C7DFE944B}.Release|x86.ActiveCfg = Release|Any CPU
		{F5C527C7-2C40-4F0A-8553-92767683C026}.Debug|Any CPU.ActiveCfg = Debug|Any CPU
		{F5C527C7-2C40-4F0A-8553-92767683C026}.Debug|Any CPU.Build.0 = Debug|Any CPU
		{F5C527C7-2C40-4F0A-8553-92767683C026}.Debug|Mixed Platforms.ActiveCfg = Debug|Any CPU
		{F5C527C7-2C40-4F0A-8553-92767683C026}.Debug|Mixed Platforms.Build.0 = Debug|Any CPU
		{F5C527C7-2C40-4F0A-8553-92767683C026}.Debug|x86.ActiveCfg = Debug|Any CPU
		{F5C527C7-2C40-4F0A-8553-92767683C026}.Release|Any CPU.ActiveCfg = Release|Any CPU
		{F5C527C7-2C40-4F0A-8553-92767683C026}.Release|Any CPU.Build.0 = Release|Any CPU
		{F5C527C7-2C40-4F0A-8553-92767683C026}.Release|Mixed Platforms.ActiveCfg = Release|Any CPU
		{F5C527C7-2C40-4F0A-8553-92767683C026}.Release|Mixed Platforms.Build.0 = Release|Any CPU
		{F5C527C7-2C40-4F0A-8553-92767683C026}.Release|x86.ActiveCfg = Release|Any CPU
		{C52B2B40-A1DD-4E10-B3B7-1D23883ABF32}.Debug|Any CPU.ActiveCfg = Debug|Any CPU
		{C52B2B40-A1DD-4E10-B3B7-1D23883ABF32}.Debug|Any CPU.Build.0 = Debug|Any CPU
		{C52B2B40-A1DD-4E10-B3B7-1D23883ABF32}.Debug|Mixed Platforms.ActiveCfg = Debug|Any CPU
		{C52B2B40-A1DD-4E10-B3B7-1D23883ABF32}.Debug|Mixed Platforms.Build.0 = Debug|Any CPU
		{C52B2B40-A1DD-4E10-B3B7-1D23883ABF32}.Debug|x86.ActiveCfg = Debug|Any CPU
		{C52B2B40-A1DD-4E10-B3B7-1D23883ABF32}.Release|Any CPU.ActiveCfg = Release|Any CPU
		{C52B2B40-A1DD-4E10-B3B7-1D23883ABF32}.Release|Any CPU.Build.0 = Release|Any CPU
		{C52B2B40-A1DD-4E10-B3B7-1D23883ABF32}.Release|Mixed Platforms.ActiveCfg = Release|Any CPU
		{C52B2B40-A1DD-4E10-B3B7-1D23883ABF32}.Release|Mixed Platforms.Build.0 = Release|Any CPU
		{C52B2B40-A1DD-4E10-B3B7-1D23883ABF32}.Release|x86.ActiveCfg = Release|Any CPU
		{41379561-95A9-4210-8A8F-69659A48D764}.Debug|Any CPU.ActiveCfg = Debug|Any CPU
		{41379561-95A9-4210-8A8F-69659A48D764}.Debug|Any CPU.Build.0 = Debug|Any CPU
		{41379561-95A9-4210-8A8F-69659A48D764}.Debug|Mixed Platforms.ActiveCfg = Debug|Any CPU
		{41379561-95A9-4210-8A8F-69659A48D764}.Debug|Mixed Platforms.Build.0 = Debug|Any CPU
		{41379561-95A9-4210-8A8F-69659A48D764}.Debug|x86.ActiveCfg = Debug|Any CPU
		{41379561-95A9-4210-8A8F-69659A48D764}.Release|Any CPU.ActiveCfg = Release|Any CPU
		{41379561-95A9-4210-8A8F-69659A48D764}.Release|Any CPU.Build.0 = Release|Any CPU
		{41379561-95A9-4210-8A8F-69659A48D764}.Release|Mixed Platforms.ActiveCfg = Release|Any CPU
		{41379561-95A9-4210-8A8F-69659A48D764}.Release|Mixed Platforms.Build.0 = Release|Any CPU
		{41379561-95A9-4210-8A8F-69659A48D764}.Release|x86.ActiveCfg = Release|Any CPU
		{C389F2F0-20AB-4B4D-84EC-0B794B222CEA}.Debug|Any CPU.ActiveCfg = Debug|Any CPU
		{C389F2F0-20AB-4B4D-84EC-0B794B222CEA}.Debug|Any CPU.Build.0 = Debug|Any CPU
		{C389F2F0-20AB-4B4D-84EC-0B794B222CEA}.Debug|Mixed Platforms.ActiveCfg = Debug|Any CPU
		{C389F2F0-20AB-4B4D-84EC-0B794B222CEA}.Debug|Mixed Platforms.Build.0 = Debug|Any CPU
		{C389F2F0-20AB-4B4D-84EC-0B794B222CEA}.Debug|x86.ActiveCfg = Debug|Any CPU
		{C389F2F0-20AB-4B4D-84EC-0B794B222CEA}.Release|Any CPU.ActiveCfg = Release|Any CPU
		{C389F2F0-20AB-4B4D-84EC-0B794B222CEA}.Release|Any CPU.Build.0 = Release|Any CPU
		{C389F2F0-20AB-4B4D-84EC-0B794B222CEA}.Release|Mixed Platforms.ActiveCfg = Release|Any CPU
		{C389F2F0-20AB-4B4D-84EC-0B794B222CEA}.Release|Mixed Platforms.Build.0 = Release|Any CPU
		{C389F2F0-20AB-4B4D-84EC-0B794B222CEA}.Release|x86.ActiveCfg = Release|Any CPU
		{79AA28F5-06DF-4F2A-BFF7-A4680F6FD010}.Debug|Any CPU.ActiveCfg = Debug|Any CPU
		{79AA28F5-06DF-4F2A-BFF7-A4680F6FD010}.Debug|Any CPU.Build.0 = Debug|Any CPU
		{79AA28F5-06DF-4F2A-BFF7-A4680F6FD010}.Debug|Mixed Platforms.ActiveCfg = Debug|Any CPU
		{79AA28F5-06DF-4F2A-BFF7-A4680F6FD010}.Debug|Mixed Platforms.Build.0 = Debug|Any CPU
		{79AA28F5-06DF-4F2A-BFF7-A4680F6FD010}.Debug|x86.ActiveCfg = Debug|Any CPU
		{79AA28F5-06DF-4F2A-BFF7-A4680F6FD010}.Release|Any CPU.ActiveCfg = Release|Any CPU
		{79AA28F5-06DF-4F2A-BFF7-A4680F6FD010}.Release|Any CPU.Build.0 = Release|Any CPU
		{79AA28F5-06DF-4F2A-BFF7-A4680F6FD010}.Release|Mixed Platforms.ActiveCfg = Release|Any CPU
		{79AA28F5-06DF-4F2A-BFF7-A4680F6FD010}.Release|Mixed Platforms.Build.0 = Release|Any CPU
		{79AA28F5-06DF-4F2A-BFF7-A4680F6FD010}.Release|x86.ActiveCfg = Release|Any CPU
		{EC562C27-03C6-47C1-9C6F-70DCBC9BF01B}.Debug|Any CPU.ActiveCfg = Debug|Any CPU
		{EC562C27-03C6-47C1-9C6F-70DCBC9BF01B}.Debug|Any CPU.Build.0 = Debug|Any CPU
		{EC562C27-03C6-47C1-9C6F-70DCBC9BF01B}.Debug|Mixed Platforms.ActiveCfg = Debug|Any CPU
		{EC562C27-03C6-47C1-9C6F-70DCBC9BF01B}.Debug|Mixed Platforms.Build.0 = Debug|Any CPU
		{EC562C27-03C6-47C1-9C6F-70DCBC9BF01B}.Debug|x86.ActiveCfg = Debug|Any CPU
		{EC562C27-03C6-47C1-9C6F-70DCBC9BF01B}.Release|Any CPU.ActiveCfg = Release|Any CPU
		{EC562C27-03C6-47C1-9C6F-70DCBC9BF01B}.Release|Any CPU.Build.0 = Release|Any CPU
		{EC562C27-03C6-47C1-9C6F-70DCBC9BF01B}.Release|Mixed Platforms.ActiveCfg = Release|Any CPU
		{EC562C27-03C6-47C1-9C6F-70DCBC9BF01B}.Release|Mixed Platforms.Build.0 = Release|Any CPU
		{EC562C27-03C6-47C1-9C6F-70DCBC9BF01B}.Release|x86.ActiveCfg = Release|Any CPU
		{E8C697C0-7705-450D-B294-A48D16373849}.Debug|Any CPU.ActiveCfg = Debug|Any CPU
		{E8C697C0-7705-450D-B294-A48D16373849}.Debug|Any CPU.Build.0 = Debug|Any CPU
		{E8C697C0-7705-450D-B294-A48D16373849}.Debug|Mixed Platforms.ActiveCfg = Debug|Any CPU
		{E8C697C0-7705-450D-B294-A48D16373849}.Debug|Mixed Platforms.Build.0 = Debug|Any CPU
		{E8C697C0-7705-450D-B294-A48D16373849}.Debug|x86.ActiveCfg = Debug|Any CPU
		{E8C697C0-7705-450D-B294-A48D16373849}.Release|Any CPU.ActiveCfg = Release|Any CPU
		{E8C697C0-7705-450D-B294-A48D16373849}.Release|Any CPU.Build.0 = Release|Any CPU
		{E8C697C0-7705-450D-B294-A48D16373849}.Release|Mixed Platforms.ActiveCfg = Release|Any CPU
		{E8C697C0-7705-450D-B294-A48D16373849}.Release|Mixed Platforms.Build.0 = Release|Any CPU
		{E8C697C0-7705-450D-B294-A48D16373849}.Release|x86.ActiveCfg = Release|Any CPU
		{4CF7D6DF-4D60-490E-A1B3-757CAEE580A6}.Debug|Any CPU.ActiveCfg = Debug|Any CPU
		{4CF7D6DF-4D60-490E-A1B3-757CAEE580A6}.Debug|Any CPU.Build.0 = Debug|Any CPU
		{4CF7D6DF-4D60-490E-A1B3-757CAEE580A6}.Debug|Mixed Platforms.ActiveCfg = Debug|Any CPU
		{4CF7D6DF-4D60-490E-A1B3-757CAEE580A6}.Debug|Mixed Platforms.Build.0 = Debug|Any CPU
		{4CF7D6DF-4D60-490E-A1B3-757CAEE580A6}.Debug|x86.ActiveCfg = Debug|Any CPU
		{4CF7D6DF-4D60-490E-A1B3-757CAEE580A6}.Release|Any CPU.ActiveCfg = Release|Any CPU
		{4CF7D6DF-4D60-490E-A1B3-757CAEE580A6}.Release|Any CPU.Build.0 = Release|Any CPU
		{4CF7D6DF-4D60-490E-A1B3-757CAEE580A6}.Release|Mixed Platforms.ActiveCfg = Release|Any CPU
		{4CF7D6DF-4D60-490E-A1B3-757CAEE580A6}.Release|Mixed Platforms.Build.0 = Release|Any CPU
		{4CF7D6DF-4D60-490E-A1B3-757CAEE580A6}.Release|x86.ActiveCfg = Release|Any CPU
	EndGlobalSection
	GlobalSection(SolutionProperties) = preSolution
		HideSolutionNode = FALSE
	EndGlobalSection
	GlobalSection(NestedProjects) = preSolution
		{61444396-8AFD-4041-B9A0-6D3B36440024} = {5C5527B8-D852-45F9-A892-7C81EE3B7975}
		{E21BA0D2-9CF5-478F-9E50-5AFE78712B97} = {5C5527B8-D852-45F9-A892-7C81EE3B7975}
		{F83315EC-3CD0-413F-B8E6-C6259FB75A10} = {5C5527B8-D852-45F9-A892-7C81EE3B7975}
		{EF5C7793-C3D5-4FA6-8766-19A0665EEC58} = {5C5527B8-D852-45F9-A892-7C81EE3B7975}
		{A9AE40FF-1A21-414A-9FE7-3BE13644CC6D} = {5C5527B8-D852-45F9-A892-7C81EE3B7975}
		{9D8D8AB0-F912-47D7-B8A6-37BDF83DBE86} = {5C5527B8-D852-45F9-A892-7C81EE3B7975}
		{F70B162C-FB02-4A83-9967-151FBD240D16} = {5C5527B8-D852-45F9-A892-7C81EE3B7975}
		{D596095F-F060-4496-96B6-2BD03B068E16} = {5C5527B8-D852-45F9-A892-7C81EE3B7975}
		{323CA08D-7749-484C-B7A3-EE709D1AF0FA} = {5C5527B8-D852-45F9-A892-7C81EE3B7975}
		{C9437F89-A710-4097-9AC6-1A0B4DAF2B2B} = {28CAA9FE-110E-4B62-ACA6-CE3144E61CB9}
		{07760BFF-1828-4681-8583-76929FB8A2ED} = {6211479C-E633-44D3-BAE9-E18E1CDB4B72}
		{09576270-B770-442D-9C90-9F82B2C8F8CF} = {5C5527B8-D852-45F9-A892-7C81EE3B7975}
		{AFA71425-60D1-46D6-9264-D0B286D9DF16} = {6211479C-E633-44D3-BAE9-E18E1CDB4B72}
		{47026C03-6F4D-4155-BD42-78EC73044C73} = {C8E88402-4AB0-41A0-9C7E-9BD5273CE9AA}
		{74F3B6DE-FE00-433C-A658-9169FF0B3456} = {5C5527B8-D852-45F9-A892-7C81EE3B7975}
		{B5168C1F-6145-4453-9E20-D2F69883B49B} = {5C5527B8-D852-45F9-A892-7C81EE3B7975}
		{08AF2D5B-B605-44C2-850C-67CFDD22CF35} = {6E1C9072-68AD-4A60-8552-0D013449AB13}
		{D6312221-F728-4A36-8811-E958A530C113} = {5C5527B8-D852-45F9-A892-7C81EE3B7975}
		{E7CD91FA-58B6-44C8-AE15-830212597DBD} = {5C5527B8-D852-45F9-A892-7C81EE3B7975}
		{94F414D4-4C82-46FE-96FC-B0F1C1FAAB5A} = {5C5527B8-D852-45F9-A892-7C81EE3B7975}
		{7F09D4A5-7B1C-4B9A-BC8C-81BB60C1CA81} = {8684A08E-2B19-4E9E-AD10-AE9F7104382F}
		{3DD01ADF-6859-4D75-AAE0-473C7DFE944B} = {5C5527B8-D852-45F9-A892-7C81EE3B7975}
		{F5C527C7-2C40-4F0A-8553-92767683C026} = {EBB91AA3-6271-4411-82D6-849550C5046C}
		{C52B2B40-A1DD-4E10-B3B7-1D23883ABF32} = {6E1C9072-68AD-4A60-8552-0D013449AB13}
		{41379561-95A9-4210-8A8F-69659A48D764} = {6E1C9072-68AD-4A60-8552-0D013449AB13}
		{C389F2F0-20AB-4B4D-84EC-0B794B222CEA} = {6E1C9072-68AD-4A60-8552-0D013449AB13}
		{79AA28F5-06DF-4F2A-BFF7-A4680F6FD010} = {5C5527B8-D852-45F9-A892-7C81EE3B7975}
		{EC562C27-03C6-47C1-9C6F-70DCBC9BF01B} = {5C5527B8-D852-45F9-A892-7C81EE3B7975}
		{E8C697C0-7705-450D-B294-A48D16373849} = {5C5527B8-D852-45F9-A892-7C81EE3B7975}
		{4CF7D6DF-4D60-490E-A1B3-757CAEE580A6} = {7AA3BEBE-B65C-42FD-94CC-8363F427B02B}
	EndGlobalSection
	GlobalSection(TestCaseManagementSettings) = postSolution
		CategoryFile = SOAFramework.vsmdi
	EndGlobalSection
EndGlobal
