
Microsoft Visual Studio Solution File, Format Version 12.00
# Visual Studio 15
VisualStudioVersion = 15.0.26730.3
MinimumVisualStudioVersion = 10.0.40219.1
Project("{2150E333-8FDC-42A3-9474-1A3956D46DE8}") = "Testing", "Testing", "{7AA3BEBE-B65C-42FD-94CC-8363F427B02B}"
EndProject
Project("{2150E333-8FDC-42A3-9474-1A3956D46DE8}") = "Client", "Client", "{F1C98741-F0D6-44A2-B7EE-EEB3CBD83A0C}"
EndProject
Project("{2150E333-8FDC-42A3-9474-1A3956D46DE8}") = "Resources", "Resources", "{E166349C-D97F-4CA4-97B3-67AE7EDB1397}"
EndProject
Project("{2150E333-8FDC-42A3-9474-1A3956D46DE8}") = "Dll", "Dll", "{BCCF7AEA-B76B-46B0-B176-575F2FDF9A5D}"
	ProjectSection(SolutionItems) = preProject
		Resources\Dll\CodeSmith.ActiproSoftware.Text.Addons.DotNet.Wpf.dll = Resources\Dll\CodeSmith.ActiproSoftware.Text.Addons.DotNet.Wpf.dll
		Resources\Dll\CodeSmith.ActiproSoftware.Text.LLParser.Wpf.dll = Resources\Dll\CodeSmith.ActiproSoftware.Text.LLParser.Wpf.dll
		Resources\Dll\CodeSmith.ActiproSoftware.Text.Wpf.dll = Resources\Dll\CodeSmith.ActiproSoftware.Text.Wpf.dll
		Resources\Dll\CodeSmith.Core.dll = Resources\Dll\CodeSmith.Core.dll
		Resources\Dll\CodeSmith.Engine.dll = Resources\Dll\CodeSmith.Engine.dll
		Resources\Dll\IBatisNet.Common.dll = Resources\Dll\IBatisNet.Common.dll
		Resources\Dll\IBatisNet.DataMapper.dll = Resources\Dll\IBatisNet.DataMapper.dll
		Resources\Dll\MySql.Data.dll = Resources\Dll\MySql.Data.dll
		Resources\Dll\Norm.dll = Resources\Dll\Norm.dll
		Resources\Dll\Norm.xml = Resources\Dll\Norm.xml
		Resources\Dll\NPOI.dll = Resources\Dll\NPOI.dll
		Resources\Dll\NPOI.OOXML.dll = Resources\Dll\NPOI.OOXML.dll
		Resources\Dll\NPOI.OpenXml4Net.dll = Resources\Dll\NPOI.OpenXml4Net.dll
		Resources\Dll\NPOI.OpenXmlFormats.dll = Resources\Dll\NPOI.OpenXmlFormats.dll
		Resources\Dll\System.Data.SQLite.dll = Resources\Dll\System.Data.SQLite.dll
		Resources\Dll\System.Web.Razor.dll = Resources\Dll\System.Web.Razor.dll
		Resources\Dll\Tamir.SharpSSH.dll = Resources\Dll\Tamir.SharpSSH.dll
	EndProjectSection
EndProject
Project("{FAE04EC0-301F-11D3-BF4B-00C04F79EFBC}") = "MetroFramework", "Client\MetroFramework\MetroFramework.csproj", "{BB41AC8B-CBED-4387-A7E0-4567EDB3F57F}"
EndProject
Project("{FAE04EC0-301F-11D3-BF4B-00C04F79EFBC}") = "MetroFramework.Design", "Client\MetroFramework.Design\MetroFramework.Design.csproj", "{7316584D-9A16-4280-A8AB-6D45198C6E4D}"
EndProject
Project("{FAE04EC0-301F-11D3-BF4B-00C04F79EFBC}") = "MetroFramework.Fonts", "Client\MetroFramework.Fonts\MetroFramework.Fonts.csproj", "{5A2FCAE8-C2FA-41BD-90EA-16103EA07B26}"
EndProject
Project("{FAE04EC0-301F-11D3-BF4B-00C04F79EFBC}") = "MetroFramework.Demo", "Client\MetroFramework.Demo\MetroFramework.Demo.csproj", "{AF988819-4618-4852-9506-C1D06D04F6B2}"
EndProject
Project("{FAE04EC0-301F-11D3-BF4B-00C04F79EFBC}") = "LoadTesting", "Testing\LoadTesting\LoadTesting.csproj", "{08E42C79-A5E7-4B29-9204-158893576F3C}"
EndProject
Project("{FAE04EC0-301F-11D3-BF4B-00C04F79EFBC}") = "MicroService", "Library\MicroService\MicroService.csproj", "{04ED01E2-EE07-48B4-B7DA-E1745C80EAD6}"
EndProject
Project("{FAE04EC0-301F-11D3-BF4B-00C04F79EFBC}") = "NodeServerShell", "Library\NodeServerShell\NodeServerShell.csproj", "{20C9EE4C-BB7A-46E4-8894-4DA467638079}"
EndProject
Project("{FAE04EC0-301F-11D3-BF4B-00C04F79EFBC}") = "MicroServiceHost", "Testing\MicroServiceHost\MicroServiceHost.csproj", "{65CA9D8E-353F-48D8-B6A4-C8B3CFFEB2B6}"
EndProject
Project("{FAE04EC0-301F-11D3-BF4B-00C04F79EFBC}") = "AthenaVersionForm", "Startup\AthenaVersionForm\AthenaVersionForm.csproj", "{CECE9247-125F-4CDD-8518-E54DAB5B6BFE}"
EndProject
Project("{FAE04EC0-301F-11D3-BF4B-00C04F79EFBC}") = "NodeInstance", "NodeInstance\NodeInstance.csproj", "{17F67E62-4EB3-4C7B-A2B8-D1FE96C8B707}"
EndProject
Project("{2150E333-8FDC-42A3-9474-1A3956D46DE8}") = "MicroService", "MicroService", "{6ECF5ABA-03DB-4F22-A745-933A674AA1E5}"
EndProject
Project("{FAE04EC0-301F-11D3-BF4B-00C04F79EFBC}") = "WinformTest", "Startup\WinformTest\WinformTest.csproj", "{4000C449-B8B3-4E8F-91A3-D196D953E2EE}"
EndProject
Project("{2150E333-8FDC-42A3-9474-1A3956D46DE8}") = "NetCore", "NetCore", "{B3913A16-E8A6-49B6-AAD4-25ECC1F1E00E}"
EndProject
Project("{FAE04EC0-301F-11D3-BF4B-00C04F79EFBC}") = "WpfTest", "Testing\WpfTest\WpfTest.csproj", "{B4136C12-D307-42AF-B2D4-4BF8DD593C6A}"
EndProject
Project("{FAE04EC0-301F-11D3-BF4B-00C04F79EFBC}") = "testWeb", "Testing\testWeb\testWeb.csproj", "{94D4053F-4943-457C-963C-4616081E4145}"
EndProject
Project("{2150E333-8FDC-42A3-9474-1A3956D46DE8}") = "Library", "Library", "{D8AFF38D-FCCA-4E78-B684-0EDC3E8D7C53}"
EndProject
Project("{FAE04EC0-301F-11D3-BF4B-00C04F79EFBC}") = "7Zip", "Library\7Zip\7Zip.csproj", "{74F3B6DE-FE00-433C-A658-9169FF0B3456}"
EndProject
Project("{FAE04EC0-301F-11D3-BF4B-00C04F79EFBC}") = "AOP", "Library\AOP\AOP.csproj", "{61444396-8AFD-4041-B9A0-6D3B36440024}"
EndProject
Project("{FAE04EC0-301F-11D3-BF4B-00C04F79EFBC}") = "Barcode", "Library\Barcode\Barcode.csproj", "{EC562C27-03C6-47C1-9C6F-70DCBC9BF01B}"
EndProject
Project("{FAE04EC0-301F-11D3-BF4B-00C04F79EFBC}") = "Cache", "Library\Cache\Cache.csproj", "{3DD01ADF-6859-4D75-AAE0-473C7DFE944B}"
EndProject
Project("{FAE04EC0-301F-11D3-BF4B-00C04F79EFBC}") = "ServicePoolManager", "Library\CacheManager\ServicePoolManager.csproj", "{D6312221-F728-4A36-8811-E958A530C113}"
EndProject
Project("{FAE04EC0-301F-11D3-BF4B-00C04F79EFBC}") = "CodeSmith", "Library\CodeSmith\CodeSmith.csproj", "{DA35348D-039B-4A62-B8C5-046715A0C999}"
EndProject
Project("{FAE04EC0-301F-11D3-BF4B-00C04F79EFBC}") = "CodeSmithConsole", "Library\CodeSmithConsole\CodeSmithConsole.csproj", "{3016FA05-CC20-4725-9095-DEB7A77C5DEA}"
EndProject
Project("{FAE04EC0-301F-11D3-BF4B-00C04F79EFBC}") = "Common", "Library\Common\Common.csproj", "{E21BA0D2-9CF5-478F-9E50-5AFE78712B97}"
EndProject
Project("{FAE04EC0-301F-11D3-BF4B-00C04F79EFBC}") = "Consul", "Library\Consul\Consul.csproj", "{DB4AD150-0A23-4A20-9874-54A2D935F634}"
EndProject
Project("{FAE04EC0-301F-11D3-BF4B-00C04F79EFBC}") = "Context", "Library\Context\Context.csproj", "{77DA8FE7-3D02-4BD1-8FBA-9E9871CE7B9C}"
EndProject
Project("{FAE04EC0-301F-11D3-BF4B-00C04F79EFBC}") = "ControlSync", "Library\ControlSync\ControlSync.csproj", "{18AC07DC-DB13-404D-AF23-C3A9AC5EF476}"
EndProject
Project("{FAE04EC0-301F-11D3-BF4B-00C04F79EFBC}") = "DAL", "Library\DAL\DAL.csproj", "{323CA08D-7749-484C-B7A3-EE709D1AF0FA}"
EndProject
Project("{FAE04EC0-301F-11D3-BF4B-00C04F79EFBC}") = "Encryption", "Library\Encryption\Encryption.csproj", "{F812FB79-4E6E-4813-9267-DE741BED5773}"
EndProject
Project("{FAE04EC0-301F-11D3-BF4B-00C04F79EFBC}") = "Enyim.Caching", "Library\Enyim.Caching\Enyim.Caching.csproj", "{D438C0B3-A168-40B8-BDDD-61F0939DFF35}"
EndProject
Project("{FAE04EC0-301F-11D3-BF4B-00C04F79EFBC}") = "Enyim.Caching.Log4NetAdapter", "Library\Enyim.Caching.Log4NetAdapter\Enyim.Caching.Log4NetAdapter.csproj", "{9D3F12E6-6BDD-4DED-8B25-D877780640B4}"
EndProject
Project("{FAE04EC0-301F-11D3-BF4B-00C04F79EFBC}") = "Evaluation", "Library\Evaluation\Evaluation.csproj", "{82C67C11-88B3-4F02-8E29-57A7F27042F7}"
EndProject
Project("{FAE04EC0-301F-11D3-BF4B-00C04F79EFBC}") = "Extension", "Library\Extension\Extension.csproj", "{94F414D4-4C82-46FE-96FC-B0F1C1FAAB5A}"
EndProject
Project("{FAE04EC0-301F-11D3-BF4B-00C04F79EFBC}") = "Firewall", "Library\Firewall\Firewall.csproj", "{970A4E1C-2828-4E49-A6AC-462EFFD1B8D4}"
EndProject
Project("{FAE04EC0-301F-11D3-BF4B-00C04F79EFBC}") = "FTP", "Library\FTP\FTP.csproj", "{F83315EC-3CD0-413F-B8E6-C6259FB75A10}"
EndProject
Project("{FAE04EC0-301F-11D3-BF4B-00C04F79EFBC}") = "Html", "Library\Html\Html.csproj", "{541D259A-D204-4BFA-8095-DBDC24AA693B}"
EndProject
Project("{9A19103F-16F7-4668-BE54-9A1E7A4F7556}") = "HtmlCore", "Library\HtmlCore\HtmlCore.csproj", "{7FC5C6DA-C58A-4661-9337-1DD3B3E021BC}"
EndProject
Project("{FAE04EC0-301F-11D3-BF4B-00C04F79EFBC}") = "Http", "Library\Http\Http.csproj", "{B5168C1F-6145-4453-9E20-D2F69883B49B}"
EndProject
Project("{FAE04EC0-301F-11D3-BF4B-00C04F79EFBC}") = "HttpServer", "Library\HttpServer\HttpServer.csproj", "{341F62AE-4E3D-4383-8CC6-CC12AD4B86BD}"
EndProject
Project("{FAE04EC0-301F-11D3-BF4B-00C04F79EFBC}") = "IDGenerator", "Library\IDGenerator\IDGenerator.csproj", "{D5ECCF03-314B-4117-B9DD-B57F303C358A}"
EndProject
Project("{FAE04EC0-301F-11D3-BF4B-00C04F79EFBC}") = "JSON", "Library\JSON\JSON.csproj", "{B25160E3-133A-4A0A-8822-65159A8FB90F}"
EndProject
Project("{FAE04EC0-301F-11D3-BF4B-00C04F79EFBC}") = "JsonRpc", "Library\Json-Rpc\JsonRpc.csproj", "{24FC1A2A-0BC3-43A7-9BFE-B628C2C4A307}"
EndProject
Project("{FAE04EC0-301F-11D3-BF4B-00C04F79EFBC}") = "JVM", "Library\JVM\JVM.csproj", "{8FAAE8BF-5830-44F0-985C-7BE18798EF78}"
EndProject
Project("{FAE04EC0-301F-11D3-BF4B-00C04F79EFBC}") = "JWT", "Library\JWT\JWT.csproj", "{835CCB1D-5C2A-435B-94A6-7198217CC08F}"
EndProject
Project("{FAE04EC0-301F-11D3-BF4B-00C04F79EFBC}") = "Lib", "Library\Lib\Lib.csproj", "{EF5C7793-C3D5-4FA6-8766-19A0665EEC58}"
EndProject
Project("{FAE04EC0-301F-11D3-BF4B-00C04F79EFBC}") = "Machine", "Library\Machine\Machine.csproj", "{4EDEBDB1-7D65-40CC-844E-8AA01873B6D6}"
EndProject
Project("{FAE04EC0-301F-11D3-BF4B-00C04F79EFBC}") = "MessageQueue", "Library\MessageQueue\MessageQueue.csproj", "{377F1D51-3A6D-4E63-98A5-A8E064E30A15}"
EndProject
Project("{FAE04EC0-301F-11D3-BF4B-00C04F79EFBC}") = "Reflection", "Library\Reflection\Reflection.csproj", "{9D8D8AB0-F912-47D7-B8A6-37BDF83DBE86}"
EndProject
Project("{FAE04EC0-301F-11D3-BF4B-00C04F79EFBC}") = "RazorEngine", "Library\RazorEngine\RazorEngine.csproj", "{79AA28F5-06DF-4F2A-BFF7-A4680F6FD010}"
EndProject
Project("{FAE04EC0-301F-11D3-BF4B-00C04F79EFBC}") = "SimpleLogger", "Library\SimpleLogger\SimpleLogger.csproj", "{73C78C6A-31E2-4EC0-8F2E-384B431C224D}"
EndProject
Project("{9A19103F-16F7-4668-BE54-9A1E7A4F7556}") = "Session", "Library\Session\Session.csproj", "{4E0CE3BF-E112-4C6D-A19D-2F0619906D4B}"
EndProject
Project("{FAE04EC0-301F-11D3-BF4B-00C04F79EFBC}") = "Sms", "Library\Sms\Sms.csproj", "{C1A79C67-5C19-4E78-B889-AE708AF8421E}"
EndProject
Project("{FAE04EC0-301F-11D3-BF4B-00C04F79EFBC}") = "Validator", "Library\Validator\Validator.csproj", "{E8C697C0-7705-450D-B294-A48D16373849}"
EndProject
Project("{FAE04EC0-301F-11D3-BF4B-00C04F79EFBC}") = "WeiXin", "Library\WeiXin\WeiXin.csproj", "{DB0AC623-C667-491B-A3CD-CB4D04D76292}"
EndProject
Project("{FAE04EC0-301F-11D3-BF4B-00C04F79EFBC}") = "WinApi", "Library\WinApi\WinApi.csproj", "{54A3E68A-63A1-43F2-AF7E-4BB7B6BEA65E}"
EndProject
Project("{FAE04EC0-301F-11D3-BF4B-00C04F79EFBC}") = "XML", "Library\XML\XML.csproj", "{D596095F-F060-4496-96B6-2BD03B068E16}"
EndProject
Project("{FAE04EC0-301F-11D3-BF4B-00C04F79EFBC}") = "Zip", "Library\Zip\Zip.csproj", "{E7CD91FA-58B6-44C8-AE15-830212597DBD}"
EndProject
Project("{FAE04EC0-301F-11D3-BF4B-00C04F79EFBC}") = "log4net.vs2010", "Library\log4net\log4net.vs2010.csproj", "{181FE707-E161-4722-9F38-6AAAB6FAA106}"
EndProject
Global
	GlobalSection(SolutionConfigurationPlatforms) = preSolution
		Debug|Any CPU = Debug|Any CPU
		Debug|x86 = Debug|x86
		Release|Any CPU = Release|Any CPU
		Release|x86 = Release|x86
	EndGlobalSection
	GlobalSection(ProjectConfigurationPlatforms) = postSolution
		{BB41AC8B-CBED-4387-A7E0-4567EDB3F57F}.Debug|Any CPU.ActiveCfg = Debug|Any CPU
		{BB41AC8B-CBED-4387-A7E0-4567EDB3F57F}.Debug|Any CPU.Build.0 = Debug|Any CPU
		{BB41AC8B-CBED-4387-A7E0-4567EDB3F57F}.Debug|x86.ActiveCfg = Debug|Any CPU
		{BB41AC8B-CBED-4387-A7E0-4567EDB3F57F}.Debug|x86.Build.0 = Debug|Any CPU
		{BB41AC8B-CBED-4387-A7E0-4567EDB3F57F}.Release|Any CPU.ActiveCfg = Release|Any CPU
		{BB41AC8B-CBED-4387-A7E0-4567EDB3F57F}.Release|Any CPU.Build.0 = Release|Any CPU
		{BB41AC8B-CBED-4387-A7E0-4567EDB3F57F}.Release|x86.ActiveCfg = Release|Any CPU
		{BB41AC8B-CBED-4387-A7E0-4567EDB3F57F}.Release|x86.Build.0 = Release|Any CPU
		{7316584D-9A16-4280-A8AB-6D45198C6E4D}.Debug|Any CPU.ActiveCfg = Debug|Any CPU
		{7316584D-9A16-4280-A8AB-6D45198C6E4D}.Debug|Any CPU.Build.0 = Debug|Any CPU
		{7316584D-9A16-4280-A8AB-6D45198C6E4D}.Debug|x86.ActiveCfg = Debug|Any CPU
		{7316584D-9A16-4280-A8AB-6D45198C6E4D}.Debug|x86.Build.0 = Debug|Any CPU
		{7316584D-9A16-4280-A8AB-6D45198C6E4D}.Release|Any CPU.ActiveCfg = Release|Any CPU
		{7316584D-9A16-4280-A8AB-6D45198C6E4D}.Release|Any CPU.Build.0 = Release|Any CPU
		{7316584D-9A16-4280-A8AB-6D45198C6E4D}.Release|x86.ActiveCfg = Release|Any CPU
		{7316584D-9A16-4280-A8AB-6D45198C6E4D}.Release|x86.Build.0 = Release|Any CPU
		{5A2FCAE8-C2FA-41BD-90EA-16103EA07B26}.Debug|Any CPU.ActiveCfg = Debug|Any CPU
		{5A2FCAE8-C2FA-41BD-90EA-16103EA07B26}.Debug|Any CPU.Build.0 = Debug|Any CPU
		{5A2FCAE8-C2FA-41BD-90EA-16103EA07B26}.Debug|x86.ActiveCfg = Debug|Any CPU
		{5A2FCAE8-C2FA-41BD-90EA-16103EA07B26}.Debug|x86.Build.0 = Debug|Any CPU
		{5A2FCAE8-C2FA-41BD-90EA-16103EA07B26}.Release|Any CPU.ActiveCfg = Release|Any CPU
		{5A2FCAE8-C2FA-41BD-90EA-16103EA07B26}.Release|Any CPU.Build.0 = Release|Any CPU
		{5A2FCAE8-C2FA-41BD-90EA-16103EA07B26}.Release|x86.ActiveCfg = Release|Any CPU
		{5A2FCAE8-C2FA-41BD-90EA-16103EA07B26}.Release|x86.Build.0 = Release|Any CPU
		{AF988819-4618-4852-9506-C1D06D04F6B2}.Debug|Any CPU.ActiveCfg = Debug|Any CPU
		{AF988819-4618-4852-9506-C1D06D04F6B2}.Debug|Any CPU.Build.0 = Debug|Any CPU
		{AF988819-4618-4852-9506-C1D06D04F6B2}.Debug|x86.ActiveCfg = Debug|Any CPU
		{AF988819-4618-4852-9506-C1D06D04F6B2}.Debug|x86.Build.0 = Debug|Any CPU
		{AF988819-4618-4852-9506-C1D06D04F6B2}.Release|Any CPU.ActiveCfg = Release|Any CPU
		{AF988819-4618-4852-9506-C1D06D04F6B2}.Release|Any CPU.Build.0 = Release|Any CPU
		{AF988819-4618-4852-9506-C1D06D04F6B2}.Release|x86.ActiveCfg = Release|Any CPU
		{AF988819-4618-4852-9506-C1D06D04F6B2}.Release|x86.Build.0 = Release|Any CPU
		{08E42C79-A5E7-4B29-9204-158893576F3C}.Debug|Any CPU.ActiveCfg = Debug|Any CPU
		{08E42C79-A5E7-4B29-9204-158893576F3C}.Debug|Any CPU.Build.0 = Debug|Any CPU
		{08E42C79-A5E7-4B29-9204-158893576F3C}.Debug|x86.ActiveCfg = Debug|Any CPU
		{08E42C79-A5E7-4B29-9204-158893576F3C}.Debug|x86.Build.0 = Debug|Any CPU
		{08E42C79-A5E7-4B29-9204-158893576F3C}.Release|Any CPU.ActiveCfg = Release|Any CPU
		{08E42C79-A5E7-4B29-9204-158893576F3C}.Release|Any CPU.Build.0 = Release|Any CPU
		{08E42C79-A5E7-4B29-9204-158893576F3C}.Release|x86.ActiveCfg = Release|Any CPU
		{08E42C79-A5E7-4B29-9204-158893576F3C}.Release|x86.Build.0 = Release|Any CPU
		{04ED01E2-EE07-48B4-B7DA-E1745C80EAD6}.Debug|Any CPU.ActiveCfg = Debug|Any CPU
		{04ED01E2-EE07-48B4-B7DA-E1745C80EAD6}.Debug|Any CPU.Build.0 = Debug|Any CPU
		{04ED01E2-EE07-48B4-B7DA-E1745C80EAD6}.Debug|x86.ActiveCfg = Debug|Any CPU
		{04ED01E2-EE07-48B4-B7DA-E1745C80EAD6}.Debug|x86.Build.0 = Debug|Any CPU
		{04ED01E2-EE07-48B4-B7DA-E1745C80EAD6}.Release|Any CPU.ActiveCfg = Release|Any CPU
		{04ED01E2-EE07-48B4-B7DA-E1745C80EAD6}.Release|Any CPU.Build.0 = Release|Any CPU
		{04ED01E2-EE07-48B4-B7DA-E1745C80EAD6}.Release|x86.ActiveCfg = Release|Any CPU
		{04ED01E2-EE07-48B4-B7DA-E1745C80EAD6}.Release|x86.Build.0 = Release|Any CPU
		{20C9EE4C-BB7A-46E4-8894-4DA467638079}.Debug|Any CPU.ActiveCfg = Debug|Any CPU
		{20C9EE4C-BB7A-46E4-8894-4DA467638079}.Debug|Any CPU.Build.0 = Debug|Any CPU
		{20C9EE4C-BB7A-46E4-8894-4DA467638079}.Debug|x86.ActiveCfg = Debug|Any CPU
		{20C9EE4C-BB7A-46E4-8894-4DA467638079}.Debug|x86.Build.0 = Debug|Any CPU
		{20C9EE4C-BB7A-46E4-8894-4DA467638079}.Release|Any CPU.ActiveCfg = Release|Any CPU
		{20C9EE4C-BB7A-46E4-8894-4DA467638079}.Release|Any CPU.Build.0 = Release|Any CPU
		{20C9EE4C-BB7A-46E4-8894-4DA467638079}.Release|x86.ActiveCfg = Release|Any CPU
		{20C9EE4C-BB7A-46E4-8894-4DA467638079}.Release|x86.Build.0 = Release|Any CPU
		{65CA9D8E-353F-48D8-B6A4-C8B3CFFEB2B6}.Debug|Any CPU.ActiveCfg = Debug|Any CPU
		{65CA9D8E-353F-48D8-B6A4-C8B3CFFEB2B6}.Debug|Any CPU.Build.0 = Debug|Any CPU
		{65CA9D8E-353F-48D8-B6A4-C8B3CFFEB2B6}.Debug|x86.ActiveCfg = Debug|Any CPU
		{65CA9D8E-353F-48D8-B6A4-C8B3CFFEB2B6}.Debug|x86.Build.0 = Debug|Any CPU
		{65CA9D8E-353F-48D8-B6A4-C8B3CFFEB2B6}.Release|Any CPU.ActiveCfg = Release|Any CPU
		{65CA9D8E-353F-48D8-B6A4-C8B3CFFEB2B6}.Release|Any CPU.Build.0 = Release|Any CPU
		{65CA9D8E-353F-48D8-B6A4-C8B3CFFEB2B6}.Release|x86.ActiveCfg = Release|Any CPU
		{65CA9D8E-353F-48D8-B6A4-C8B3CFFEB2B6}.Release|x86.Build.0 = Release|Any CPU
		{CECE9247-125F-4CDD-8518-E54DAB5B6BFE}.Debug|Any CPU.ActiveCfg = Debug|Any CPU
		{CECE9247-125F-4CDD-8518-E54DAB5B6BFE}.Debug|Any CPU.Build.0 = Debug|Any CPU
		{CECE9247-125F-4CDD-8518-E54DAB5B6BFE}.Debug|x86.ActiveCfg = Debug|Any CPU
		{CECE9247-125F-4CDD-8518-E54DAB5B6BFE}.Debug|x86.Build.0 = Debug|Any CPU
		{CECE9247-125F-4CDD-8518-E54DAB5B6BFE}.Release|Any CPU.ActiveCfg = Release|Any CPU
		{CECE9247-125F-4CDD-8518-E54DAB5B6BFE}.Release|Any CPU.Build.0 = Release|Any CPU
		{CECE9247-125F-4CDD-8518-E54DAB5B6BFE}.Release|x86.ActiveCfg = Release|Any CPU
		{CECE9247-125F-4CDD-8518-E54DAB5B6BFE}.Release|x86.Build.0 = Release|Any CPU
		{17F67E62-4EB3-4C7B-A2B8-D1FE96C8B707}.Debug|Any CPU.ActiveCfg = Debug|Any CPU
		{17F67E62-4EB3-4C7B-A2B8-D1FE96C8B707}.Debug|Any CPU.Build.0 = Debug|Any CPU
		{17F67E62-4EB3-4C7B-A2B8-D1FE96C8B707}.Debug|x86.ActiveCfg = Debug|Any CPU
		{17F67E62-4EB3-4C7B-A2B8-D1FE96C8B707}.Debug|x86.Build.0 = Debug|Any CPU
		{17F67E62-4EB3-4C7B-A2B8-D1FE96C8B707}.Release|Any CPU.ActiveCfg = Release|Any CPU
		{17F67E62-4EB3-4C7B-A2B8-D1FE96C8B707}.Release|Any CPU.Build.0 = Release|Any CPU
		{17F67E62-4EB3-4C7B-A2B8-D1FE96C8B707}.Release|x86.ActiveCfg = Release|Any CPU
		{17F67E62-4EB3-4C7B-A2B8-D1FE96C8B707}.Release|x86.Build.0 = Release|Any CPU
		{4000C449-B8B3-4E8F-91A3-D196D953E2EE}.Debug|Any CPU.ActiveCfg = Debug|Any CPU
		{4000C449-B8B3-4E8F-91A3-D196D953E2EE}.Debug|Any CPU.Build.0 = Debug|Any CPU
		{4000C449-B8B3-4E8F-91A3-D196D953E2EE}.Debug|x86.ActiveCfg = Debug|Any CPU
		{4000C449-B8B3-4E8F-91A3-D196D953E2EE}.Debug|x86.Build.0 = Debug|Any CPU
		{4000C449-B8B3-4E8F-91A3-D196D953E2EE}.Release|Any CPU.ActiveCfg = Release|Any CPU
		{4000C449-B8B3-4E8F-91A3-D196D953E2EE}.Release|Any CPU.Build.0 = Release|Any CPU
		{4000C449-B8B3-4E8F-91A3-D196D953E2EE}.Release|x86.ActiveCfg = Release|Any CPU
		{4000C449-B8B3-4E8F-91A3-D196D953E2EE}.Release|x86.Build.0 = Release|Any CPU
		{B4136C12-D307-42AF-B2D4-4BF8DD593C6A}.Debug|Any CPU.ActiveCfg = Debug|Any CPU
		{B4136C12-D307-42AF-B2D4-4BF8DD593C6A}.Debug|Any CPU.Build.0 = Debug|Any CPU
		{B4136C12-D307-42AF-B2D4-4BF8DD593C6A}.Debug|x86.ActiveCfg = Debug|Any CPU
		{B4136C12-D307-42AF-B2D4-4BF8DD593C6A}.Debug|x86.Build.0 = Debug|Any CPU
		{B4136C12-D307-42AF-B2D4-4BF8DD593C6A}.Release|Any CPU.ActiveCfg = Release|Any CPU
		{B4136C12-D307-42AF-B2D4-4BF8DD593C6A}.Release|Any CPU.Build.0 = Release|Any CPU
		{B4136C12-D307-42AF-B2D4-4BF8DD593C6A}.Release|x86.ActiveCfg = Release|Any CPU
		{B4136C12-D307-42AF-B2D4-4BF8DD593C6A}.Release|x86.Build.0 = Release|Any CPU
		{94D4053F-4943-457C-963C-4616081E4145}.Debug|Any CPU.ActiveCfg = Debug|Any CPU
		{94D4053F-4943-457C-963C-4616081E4145}.Debug|Any CPU.Build.0 = Debug|Any CPU
		{94D4053F-4943-457C-963C-4616081E4145}.Debug|x86.ActiveCfg = Debug|Any CPU
		{94D4053F-4943-457C-963C-4616081E4145}.Debug|x86.Build.0 = Debug|Any CPU
		{94D4053F-4943-457C-963C-4616081E4145}.Release|Any CPU.ActiveCfg = Release|Any CPU
		{94D4053F-4943-457C-963C-4616081E4145}.Release|Any CPU.Build.0 = Release|Any CPU
		{94D4053F-4943-457C-963C-4616081E4145}.Release|x86.ActiveCfg = Release|Any CPU
		{94D4053F-4943-457C-963C-4616081E4145}.Release|x86.Build.0 = Release|Any CPU
		{74F3B6DE-FE00-433C-A658-9169FF0B3456}.Debug|Any CPU.ActiveCfg = Debug|Any CPU
		{74F3B6DE-FE00-433C-A658-9169FF0B3456}.Debug|Any CPU.Build.0 = Debug|Any CPU
		{74F3B6DE-FE00-433C-A658-9169FF0B3456}.Debug|x86.ActiveCfg = Debug|Any CPU
		{74F3B6DE-FE00-433C-A658-9169FF0B3456}.Debug|x86.Build.0 = Debug|Any CPU
		{74F3B6DE-FE00-433C-A658-9169FF0B3456}.Release|Any CPU.ActiveCfg = Release|Any CPU
		{74F3B6DE-FE00-433C-A658-9169FF0B3456}.Release|Any CPU.Build.0 = Release|Any CPU
		{74F3B6DE-FE00-433C-A658-9169FF0B3456}.Release|x86.ActiveCfg = Release|Any CPU
		{74F3B6DE-FE00-433C-A658-9169FF0B3456}.Release|x86.Build.0 = Release|Any CPU
		{61444396-8AFD-4041-B9A0-6D3B36440024}.Debug|Any CPU.ActiveCfg = Debug|Any CPU
		{61444396-8AFD-4041-B9A0-6D3B36440024}.Debug|Any CPU.Build.0 = Debug|Any CPU
		{61444396-8AFD-4041-B9A0-6D3B36440024}.Debug|x86.ActiveCfg = Debug|Any CPU
		{61444396-8AFD-4041-B9A0-6D3B36440024}.Debug|x86.Build.0 = Debug|Any CPU
		{61444396-8AFD-4041-B9A0-6D3B36440024}.Release|Any CPU.ActiveCfg = Release|Any CPU
		{61444396-8AFD-4041-B9A0-6D3B36440024}.Release|Any CPU.Build.0 = Release|Any CPU
		{61444396-8AFD-4041-B9A0-6D3B36440024}.Release|x86.ActiveCfg = Release|Any CPU
		{61444396-8AFD-4041-B9A0-6D3B36440024}.Release|x86.Build.0 = Release|Any CPU
		{EC562C27-03C6-47C1-9C6F-70DCBC9BF01B}.Debug|Any CPU.ActiveCfg = Debug|Any CPU
		{EC562C27-03C6-47C1-9C6F-70DCBC9BF01B}.Debug|Any CPU.Build.0 = Debug|Any CPU
		{EC562C27-03C6-47C1-9C6F-70DCBC9BF01B}.Debug|x86.ActiveCfg = Debug|Any CPU
		{EC562C27-03C6-47C1-9C6F-70DCBC9BF01B}.Debug|x86.Build.0 = Debug|Any CPU
		{EC562C27-03C6-47C1-9C6F-70DCBC9BF01B}.Release|Any CPU.ActiveCfg = Release|Any CPU
		{EC562C27-03C6-47C1-9C6F-70DCBC9BF01B}.Release|Any CPU.Build.0 = Release|Any CPU
		{EC562C27-03C6-47C1-9C6F-70DCBC9BF01B}.Release|x86.ActiveCfg = Release|Any CPU
		{EC562C27-03C6-47C1-9C6F-70DCBC9BF01B}.Release|x86.Build.0 = Release|Any CPU
		{3DD01ADF-6859-4D75-AAE0-473C7DFE944B}.Debug|Any CPU.ActiveCfg = Debug|Any CPU
		{3DD01ADF-6859-4D75-AAE0-473C7DFE944B}.Debug|Any CPU.Build.0 = Debug|Any CPU
		{3DD01ADF-6859-4D75-AAE0-473C7DFE944B}.Debug|x86.ActiveCfg = Debug|Any CPU
		{3DD01ADF-6859-4D75-AAE0-473C7DFE944B}.Debug|x86.Build.0 = Debug|Any CPU
		{3DD01ADF-6859-4D75-AAE0-473C7DFE944B}.Release|Any CPU.ActiveCfg = Release|Any CPU
		{3DD01ADF-6859-4D75-AAE0-473C7DFE944B}.Release|Any CPU.Build.0 = Release|Any CPU
		{3DD01ADF-6859-4D75-AAE0-473C7DFE944B}.Release|x86.ActiveCfg = Release|Any CPU
		{3DD01ADF-6859-4D75-AAE0-473C7DFE944B}.Release|x86.Build.0 = Release|Any CPU
		{D6312221-F728-4A36-8811-E958A530C113}.Debug|Any CPU.ActiveCfg = Debug|Any CPU
		{D6312221-F728-4A36-8811-E958A530C113}.Debug|Any CPU.Build.0 = Debug|Any CPU
		{D6312221-F728-4A36-8811-E958A530C113}.Debug|x86.ActiveCfg = Debug|Any CPU
		{D6312221-F728-4A36-8811-E958A530C113}.Debug|x86.Build.0 = Debug|Any CPU
		{D6312221-F728-4A36-8811-E958A530C113}.Release|Any CPU.ActiveCfg = Release|Any CPU
		{D6312221-F728-4A36-8811-E958A530C113}.Release|Any CPU.Build.0 = Release|Any CPU
		{D6312221-F728-4A36-8811-E958A530C113}.Release|x86.ActiveCfg = Release|Any CPU
		{D6312221-F728-4A36-8811-E958A530C113}.Release|x86.Build.0 = Release|Any CPU
		{DA35348D-039B-4A62-B8C5-046715A0C999}.Debug|Any CPU.ActiveCfg = Debug|Any CPU
		{DA35348D-039B-4A62-B8C5-046715A0C999}.Debug|Any CPU.Build.0 = Debug|Any CPU
		{DA35348D-039B-4A62-B8C5-046715A0C999}.Debug|x86.ActiveCfg = Debug|Any CPU
		{DA35348D-039B-4A62-B8C5-046715A0C999}.Debug|x86.Build.0 = Debug|Any CPU
		{DA35348D-039B-4A62-B8C5-046715A0C999}.Release|Any CPU.ActiveCfg = Release|Any CPU
		{DA35348D-039B-4A62-B8C5-046715A0C999}.Release|Any CPU.Build.0 = Release|Any CPU
		{DA35348D-039B-4A62-B8C5-046715A0C999}.Release|x86.ActiveCfg = Release|Any CPU
		{DA35348D-039B-4A62-B8C5-046715A0C999}.Release|x86.Build.0 = Release|Any CPU
		{3016FA05-CC20-4725-9095-DEB7A77C5DEA}.Debug|Any CPU.ActiveCfg = Debug|Any CPU
		{3016FA05-CC20-4725-9095-DEB7A77C5DEA}.Debug|Any CPU.Build.0 = Debug|Any CPU
		{3016FA05-CC20-4725-9095-DEB7A77C5DEA}.Debug|x86.ActiveCfg = Debug|Any CPU
		{3016FA05-CC20-4725-9095-DEB7A77C5DEA}.Debug|x86.Build.0 = Debug|Any CPU
		{3016FA05-CC20-4725-9095-DEB7A77C5DEA}.Release|Any CPU.ActiveCfg = Release|Any CPU
		{3016FA05-CC20-4725-9095-DEB7A77C5DEA}.Release|Any CPU.Build.0 = Release|Any CPU
		{3016FA05-CC20-4725-9095-DEB7A77C5DEA}.Release|x86.ActiveCfg = Release|Any CPU
		{3016FA05-CC20-4725-9095-DEB7A77C5DEA}.Release|x86.Build.0 = Release|Any CPU
		{E21BA0D2-9CF5-478F-9E50-5AFE78712B97}.Debug|Any CPU.ActiveCfg = Debug|Any CPU
		{E21BA0D2-9CF5-478F-9E50-5AFE78712B97}.Debug|Any CPU.Build.0 = Debug|Any CPU
		{E21BA0D2-9CF5-478F-9E50-5AFE78712B97}.Debug|x86.ActiveCfg = Debug|Any CPU
		{E21BA0D2-9CF5-478F-9E50-5AFE78712B97}.Debug|x86.Build.0 = Debug|Any CPU
		{E21BA0D2-9CF5-478F-9E50-5AFE78712B97}.Release|Any CPU.ActiveCfg = Release|Any CPU
		{E21BA0D2-9CF5-478F-9E50-5AFE78712B97}.Release|Any CPU.Build.0 = Release|Any CPU
		{E21BA0D2-9CF5-478F-9E50-5AFE78712B97}.Release|x86.ActiveCfg = Release|Any CPU
		{E21BA0D2-9CF5-478F-9E50-5AFE78712B97}.Release|x86.Build.0 = Release|Any CPU
		{DB4AD150-0A23-4A20-9874-54A2D935F634}.Debug|Any CPU.ActiveCfg = Debug|Any CPU
		{DB4AD150-0A23-4A20-9874-54A2D935F634}.Debug|Any CPU.Build.0 = Debug|Any CPU
		{DB4AD150-0A23-4A20-9874-54A2D935F634}.Debug|x86.ActiveCfg = Debug|Any CPU
		{DB4AD150-0A23-4A20-9874-54A2D935F634}.Debug|x86.Build.0 = Debug|Any CPU
		{DB4AD150-0A23-4A20-9874-54A2D935F634}.Release|Any CPU.ActiveCfg = Release|Any CPU
		{DB4AD150-0A23-4A20-9874-54A2D935F634}.Release|Any CPU.Build.0 = Release|Any CPU
		{DB4AD150-0A23-4A20-9874-54A2D935F634}.Release|x86.ActiveCfg = Release|Any CPU
		{DB4AD150-0A23-4A20-9874-54A2D935F634}.Release|x86.Build.0 = Release|Any CPU
		{77DA8FE7-3D02-4BD1-8FBA-9E9871CE7B9C}.Debug|Any CPU.ActiveCfg = Debug|Any CPU
		{77DA8FE7-3D02-4BD1-8FBA-9E9871CE7B9C}.Debug|Any CPU.Build.0 = Debug|Any CPU
		{77DA8FE7-3D02-4BD1-8FBA-9E9871CE7B9C}.Debug|x86.ActiveCfg = Debug|Any CPU
		{77DA8FE7-3D02-4BD1-8FBA-9E9871CE7B9C}.Debug|x86.Build.0 = Debug|Any CPU
		{77DA8FE7-3D02-4BD1-8FBA-9E9871CE7B9C}.Release|Any CPU.ActiveCfg = Release|Any CPU
		{77DA8FE7-3D02-4BD1-8FBA-9E9871CE7B9C}.Release|Any CPU.Build.0 = Release|Any CPU
		{77DA8FE7-3D02-4BD1-8FBA-9E9871CE7B9C}.Release|x86.ActiveCfg = Release|Any CPU
		{77DA8FE7-3D02-4BD1-8FBA-9E9871CE7B9C}.Release|x86.Build.0 = Release|Any CPU
		{18AC07DC-DB13-404D-AF23-C3A9AC5EF476}.Debug|Any CPU.ActiveCfg = Debug|Any CPU
		{18AC07DC-DB13-404D-AF23-C3A9AC5EF476}.Debug|Any CPU.Build.0 = Debug|Any CPU
		{18AC07DC-DB13-404D-AF23-C3A9AC5EF476}.Debug|x86.ActiveCfg = Debug|Any CPU
		{18AC07DC-DB13-404D-AF23-C3A9AC5EF476}.Debug|x86.Build.0 = Debug|Any CPU
		{18AC07DC-DB13-404D-AF23-C3A9AC5EF476}.Release|Any CPU.ActiveCfg = Release|Any CPU
		{18AC07DC-DB13-404D-AF23-C3A9AC5EF476}.Release|Any CPU.Build.0 = Release|Any CPU
		{18AC07DC-DB13-404D-AF23-C3A9AC5EF476}.Release|x86.ActiveCfg = Release|Any CPU
		{18AC07DC-DB13-404D-AF23-C3A9AC5EF476}.Release|x86.Build.0 = Release|Any CPU
		{323CA08D-7749-484C-B7A3-EE709D1AF0FA}.Debug|Any CPU.ActiveCfg = Debug|Any CPU
		{323CA08D-7749-484C-B7A3-EE709D1AF0FA}.Debug|Any CPU.Build.0 = Debug|Any CPU
		{323CA08D-7749-484C-B7A3-EE709D1AF0FA}.Debug|x86.ActiveCfg = Debug|Any CPU
		{323CA08D-7749-484C-B7A3-EE709D1AF0FA}.Debug|x86.Build.0 = Debug|Any CPU
		{323CA08D-7749-484C-B7A3-EE709D1AF0FA}.Release|Any CPU.ActiveCfg = Release|Any CPU
		{323CA08D-7749-484C-B7A3-EE709D1AF0FA}.Release|Any CPU.Build.0 = Release|Any CPU
		{323CA08D-7749-484C-B7A3-EE709D1AF0FA}.Release|x86.ActiveCfg = Release|Any CPU
		{323CA08D-7749-484C-B7A3-EE709D1AF0FA}.Release|x86.Build.0 = Release|Any CPU
		{F812FB79-4E6E-4813-9267-DE741BED5773}.Debug|Any CPU.ActiveCfg = Debug|Any CPU
		{F812FB79-4E6E-4813-9267-DE741BED5773}.Debug|Any CPU.Build.0 = Debug|Any CPU
		{F812FB79-4E6E-4813-9267-DE741BED5773}.Debug|x86.ActiveCfg = Debug|Any CPU
		{F812FB79-4E6E-4813-9267-DE741BED5773}.Debug|x86.Build.0 = Debug|Any CPU
		{F812FB79-4E6E-4813-9267-DE741BED5773}.Release|Any CPU.ActiveCfg = Release|Any CPU
		{F812FB79-4E6E-4813-9267-DE741BED5773}.Release|Any CPU.Build.0 = Release|Any CPU
		{F812FB79-4E6E-4813-9267-DE741BED5773}.Release|x86.ActiveCfg = Release|Any CPU
		{F812FB79-4E6E-4813-9267-DE741BED5773}.Release|x86.Build.0 = Release|Any CPU
		{D438C0B3-A168-40B8-BDDD-61F0939DFF35}.Debug|Any CPU.ActiveCfg = Debug|Any CPU
		{D438C0B3-A168-40B8-BDDD-61F0939DFF35}.Debug|Any CPU.Build.0 = Debug|Any CPU
		{D438C0B3-A168-40B8-BDDD-61F0939DFF35}.Debug|x86.ActiveCfg = Debug|Any CPU
		{D438C0B3-A168-40B8-BDDD-61F0939DFF35}.Debug|x86.Build.0 = Debug|Any CPU
		{D438C0B3-A168-40B8-BDDD-61F0939DFF35}.Release|Any CPU.ActiveCfg = Release|Any CPU
		{D438C0B3-A168-40B8-BDDD-61F0939DFF35}.Release|Any CPU.Build.0 = Release|Any CPU
		{D438C0B3-A168-40B8-BDDD-61F0939DFF35}.Release|x86.ActiveCfg = Release|Any CPU
		{D438C0B3-A168-40B8-BDDD-61F0939DFF35}.Release|x86.Build.0 = Release|Any CPU
		{9D3F12E6-6BDD-4DED-8B25-D877780640B4}.Debug|Any CPU.ActiveCfg = Debug|Any CPU
		{9D3F12E6-6BDD-4DED-8B25-D877780640B4}.Debug|Any CPU.Build.0 = Debug|Any CPU
		{9D3F12E6-6BDD-4DED-8B25-D877780640B4}.Debug|x86.ActiveCfg = Debug|Any CPU
		{9D3F12E6-6BDD-4DED-8B25-D877780640B4}.Debug|x86.Build.0 = Debug|Any CPU
		{9D3F12E6-6BDD-4DED-8B25-D877780640B4}.Release|Any CPU.ActiveCfg = Debug|Any CPU
		{9D3F12E6-6BDD-4DED-8B25-D877780640B4}.Release|Any CPU.Build.0 = Debug|Any CPU
		{9D3F12E6-6BDD-4DED-8B25-D877780640B4}.Release|x86.ActiveCfg = Debug|Any CPU
		{9D3F12E6-6BDD-4DED-8B25-D877780640B4}.Release|x86.Build.0 = Debug|Any CPU
		{82C67C11-88B3-4F02-8E29-57A7F27042F7}.Debug|Any CPU.ActiveCfg = Debug|Any CPU
		{82C67C11-88B3-4F02-8E29-57A7F27042F7}.Debug|Any CPU.Build.0 = Debug|Any CPU
		{82C67C11-88B3-4F02-8E29-57A7F27042F7}.Debug|x86.ActiveCfg = Debug|Any CPU
		{82C67C11-88B3-4F02-8E29-57A7F27042F7}.Debug|x86.Build.0 = Debug|Any CPU
		{82C67C11-88B3-4F02-8E29-57A7F27042F7}.Release|Any CPU.ActiveCfg = Release|Any CPU
		{82C67C11-88B3-4F02-8E29-57A7F27042F7}.Release|Any CPU.Build.0 = Release|Any CPU
		{82C67C11-88B3-4F02-8E29-57A7F27042F7}.Release|x86.ActiveCfg = Release|Any CPU
		{82C67C11-88B3-4F02-8E29-57A7F27042F7}.Release|x86.Build.0 = Release|Any CPU
		{94F414D4-4C82-46FE-96FC-B0F1C1FAAB5A}.Debug|Any CPU.ActiveCfg = Debug|Any CPU
		{94F414D4-4C82-46FE-96FC-B0F1C1FAAB5A}.Debug|Any CPU.Build.0 = Debug|Any CPU
		{94F414D4-4C82-46FE-96FC-B0F1C1FAAB5A}.Debug|x86.ActiveCfg = Debug|Any CPU
		{94F414D4-4C82-46FE-96FC-B0F1C1FAAB5A}.Debug|x86.Build.0 = Debug|Any CPU
		{94F414D4-4C82-46FE-96FC-B0F1C1FAAB5A}.Release|Any CPU.ActiveCfg = Release|Any CPU
		{94F414D4-4C82-46FE-96FC-B0F1C1FAAB5A}.Release|Any CPU.Build.0 = Release|Any CPU
		{94F414D4-4C82-46FE-96FC-B0F1C1FAAB5A}.Release|x86.ActiveCfg = Release|Any CPU
		{94F414D4-4C82-46FE-96FC-B0F1C1FAAB5A}.Release|x86.Build.0 = Release|Any CPU
		{970A4E1C-2828-4E49-A6AC-462EFFD1B8D4}.Debug|Any CPU.ActiveCfg = Debug|Any CPU
		{970A4E1C-2828-4E49-A6AC-462EFFD1B8D4}.Debug|Any CPU.Build.0 = Debug|Any CPU
		{970A4E1C-2828-4E49-A6AC-462EFFD1B8D4}.Debug|x86.ActiveCfg = Debug|Any CPU
		{970A4E1C-2828-4E49-A6AC-462EFFD1B8D4}.Debug|x86.Build.0 = Debug|Any CPU
		{970A4E1C-2828-4E49-A6AC-462EFFD1B8D4}.Release|Any CPU.ActiveCfg = Release|Any CPU
		{970A4E1C-2828-4E49-A6AC-462EFFD1B8D4}.Release|Any CPU.Build.0 = Release|Any CPU
		{970A4E1C-2828-4E49-A6AC-462EFFD1B8D4}.Release|x86.ActiveCfg = Release|Any CPU
		{970A4E1C-2828-4E49-A6AC-462EFFD1B8D4}.Release|x86.Build.0 = Release|Any CPU
		{F83315EC-3CD0-413F-B8E6-C6259FB75A10}.Debug|Any CPU.ActiveCfg = Debug|Any CPU
		{F83315EC-3CD0-413F-B8E6-C6259FB75A10}.Debug|Any CPU.Build.0 = Debug|Any CPU
		{F83315EC-3CD0-413F-B8E6-C6259FB75A10}.Debug|x86.ActiveCfg = Debug|Any CPU
		{F83315EC-3CD0-413F-B8E6-C6259FB75A10}.Debug|x86.Build.0 = Debug|Any CPU
		{F83315EC-3CD0-413F-B8E6-C6259FB75A10}.Release|Any CPU.ActiveCfg = Release|Any CPU
		{F83315EC-3CD0-413F-B8E6-C6259FB75A10}.Release|Any CPU.Build.0 = Release|Any CPU
		{F83315EC-3CD0-413F-B8E6-C6259FB75A10}.Release|x86.ActiveCfg = Release|Any CPU
		{F83315EC-3CD0-413F-B8E6-C6259FB75A10}.Release|x86.Build.0 = Release|Any CPU
		{541D259A-D204-4BFA-8095-DBDC24AA693B}.Debug|Any CPU.ActiveCfg = Debug|Any CPU
		{541D259A-D204-4BFA-8095-DBDC24AA693B}.Debug|Any CPU.Build.0 = Debug|Any CPU
		{541D259A-D204-4BFA-8095-DBDC24AA693B}.Debug|x86.ActiveCfg = Debug|Any CPU
		{541D259A-D204-4BFA-8095-DBDC24AA693B}.Debug|x86.Build.0 = Debug|Any CPU
		{541D259A-D204-4BFA-8095-DBDC24AA693B}.Release|Any CPU.ActiveCfg = Release|Any CPU
		{541D259A-D204-4BFA-8095-DBDC24AA693B}.Release|Any CPU.Build.0 = Release|Any CPU
		{541D259A-D204-4BFA-8095-DBDC24AA693B}.Release|x86.ActiveCfg = Release|Any CPU
		{541D259A-D204-4BFA-8095-DBDC24AA693B}.Release|x86.Build.0 = Release|Any CPU
		{7FC5C6DA-C58A-4661-9337-1DD3B3E021BC}.Debug|Any CPU.ActiveCfg = Debug|Any CPU
		{7FC5C6DA-C58A-4661-9337-1DD3B3E021BC}.Debug|Any CPU.Build.0 = Debug|Any CPU
		{7FC5C6DA-C58A-4661-9337-1DD3B3E021BC}.Debug|x86.ActiveCfg = Debug|Any CPU
		{7FC5C6DA-C58A-4661-9337-1DD3B3E021BC}.Debug|x86.Build.0 = Debug|Any CPU
		{7FC5C6DA-C58A-4661-9337-1DD3B3E021BC}.Release|Any CPU.ActiveCfg = Release|Any CPU
		{7FC5C6DA-C58A-4661-9337-1DD3B3E021BC}.Release|Any CPU.Build.0 = Release|Any CPU
		{7FC5C6DA-C58A-4661-9337-1DD3B3E021BC}.Release|x86.ActiveCfg = Release|Any CPU
		{7FC5C6DA-C58A-4661-9337-1DD3B3E021BC}.Release|x86.Build.0 = Release|Any CPU
		{B5168C1F-6145-4453-9E20-D2F69883B49B}.Debug|Any CPU.ActiveCfg = Debug|Any CPU
		{B5168C1F-6145-4453-9E20-D2F69883B49B}.Debug|Any CPU.Build.0 = Debug|Any CPU
		{B5168C1F-6145-4453-9E20-D2F69883B49B}.Debug|x86.ActiveCfg = Debug|Any CPU
		{B5168C1F-6145-4453-9E20-D2F69883B49B}.Debug|x86.Build.0 = Debug|Any CPU
		{B5168C1F-6145-4453-9E20-D2F69883B49B}.Release|Any CPU.ActiveCfg = Release|Any CPU
		{B5168C1F-6145-4453-9E20-D2F69883B49B}.Release|Any CPU.Build.0 = Release|Any CPU
		{B5168C1F-6145-4453-9E20-D2F69883B49B}.Release|x86.ActiveCfg = Release|Any CPU
		{B5168C1F-6145-4453-9E20-D2F69883B49B}.Release|x86.Build.0 = Release|Any CPU
		{341F62AE-4E3D-4383-8CC6-CC12AD4B86BD}.Debug|Any CPU.ActiveCfg = Debug|Any CPU
		{341F62AE-4E3D-4383-8CC6-CC12AD4B86BD}.Debug|Any CPU.Build.0 = Debug|Any CPU
		{341F62AE-4E3D-4383-8CC6-CC12AD4B86BD}.Debug|x86.ActiveCfg = Debug|Any CPU
		{341F62AE-4E3D-4383-8CC6-CC12AD4B86BD}.Debug|x86.Build.0 = Debug|Any CPU
		{341F62AE-4E3D-4383-8CC6-CC12AD4B86BD}.Release|Any CPU.ActiveCfg = Release|Any CPU
		{341F62AE-4E3D-4383-8CC6-CC12AD4B86BD}.Release|Any CPU.Build.0 = Release|Any CPU
		{341F62AE-4E3D-4383-8CC6-CC12AD4B86BD}.Release|x86.ActiveCfg = Release|Any CPU
		{341F62AE-4E3D-4383-8CC6-CC12AD4B86BD}.Release|x86.Build.0 = Release|Any CPU
		{D5ECCF03-314B-4117-B9DD-B57F303C358A}.Debug|Any CPU.ActiveCfg = Debug|Any CPU
		{D5ECCF03-314B-4117-B9DD-B57F303C358A}.Debug|Any CPU.Build.0 = Debug|Any CPU
		{D5ECCF03-314B-4117-B9DD-B57F303C358A}.Debug|x86.ActiveCfg = Debug|Any CPU
		{D5ECCF03-314B-4117-B9DD-B57F303C358A}.Debug|x86.Build.0 = Debug|Any CPU
		{D5ECCF03-314B-4117-B9DD-B57F303C358A}.Release|Any CPU.ActiveCfg = Release|Any CPU
		{D5ECCF03-314B-4117-B9DD-B57F303C358A}.Release|Any CPU.Build.0 = Release|Any CPU
		{D5ECCF03-314B-4117-B9DD-B57F303C358A}.Release|x86.ActiveCfg = Release|Any CPU
		{D5ECCF03-314B-4117-B9DD-B57F303C358A}.Release|x86.Build.0 = Release|Any CPU
		{B25160E3-133A-4A0A-8822-65159A8FB90F}.Debug|Any CPU.ActiveCfg = Debug|Any CPU
		{B25160E3-133A-4A0A-8822-65159A8FB90F}.Debug|Any CPU.Build.0 = Debug|Any CPU
		{B25160E3-133A-4A0A-8822-65159A8FB90F}.Debug|x86.ActiveCfg = Debug|Any CPU
		{B25160E3-133A-4A0A-8822-65159A8FB90F}.Debug|x86.Build.0 = Debug|Any CPU
		{B25160E3-133A-4A0A-8822-65159A8FB90F}.Release|Any CPU.ActiveCfg = Release|Any CPU
		{B25160E3-133A-4A0A-8822-65159A8FB90F}.Release|Any CPU.Build.0 = Release|Any CPU
		{B25160E3-133A-4A0A-8822-65159A8FB90F}.Release|x86.ActiveCfg = Release|Any CPU
		{B25160E3-133A-4A0A-8822-65159A8FB90F}.Release|x86.Build.0 = Release|Any CPU
		{24FC1A2A-0BC3-43A7-9BFE-B628C2C4A307}.Debug|Any CPU.ActiveCfg = Debug|Any CPU
		{24FC1A2A-0BC3-43A7-9BFE-B628C2C4A307}.Debug|Any CPU.Build.0 = Debug|Any CPU
		{24FC1A2A-0BC3-43A7-9BFE-B628C2C4A307}.Debug|x86.ActiveCfg = Debug|x86
		{24FC1A2A-0BC3-43A7-9BFE-B628C2C4A307}.Debug|x86.Build.0 = Debug|x86
		{24FC1A2A-0BC3-43A7-9BFE-B628C2C4A307}.Release|Any CPU.ActiveCfg = Release|Any CPU
		{24FC1A2A-0BC3-43A7-9BFE-B628C2C4A307}.Release|Any CPU.Build.0 = Release|Any CPU
		{24FC1A2A-0BC3-43A7-9BFE-B628C2C4A307}.Release|x86.ActiveCfg = Release|x86
		{24FC1A2A-0BC3-43A7-9BFE-B628C2C4A307}.Release|x86.Build.0 = Release|x86
		{8FAAE8BF-5830-44F0-985C-7BE18798EF78}.Debug|Any CPU.ActiveCfg = Debug|Any CPU
		{8FAAE8BF-5830-44F0-985C-7BE18798EF78}.Debug|Any CPU.Build.0 = Debug|Any CPU
		{8FAAE8BF-5830-44F0-985C-7BE18798EF78}.Debug|x86.ActiveCfg = Debug|Any CPU
		{8FAAE8BF-5830-44F0-985C-7BE18798EF78}.Debug|x86.Build.0 = Debug|Any CPU
		{8FAAE8BF-5830-44F0-985C-7BE18798EF78}.Release|Any CPU.ActiveCfg = Release|Any CPU
		{8FAAE8BF-5830-44F0-985C-7BE18798EF78}.Release|Any CPU.Build.0 = Release|Any CPU
		{8FAAE8BF-5830-44F0-985C-7BE18798EF78}.Release|x86.ActiveCfg = Release|Any CPU
		{8FAAE8BF-5830-44F0-985C-7BE18798EF78}.Release|x86.Build.0 = Release|Any CPU
		{835CCB1D-5C2A-435B-94A6-7198217CC08F}.Debug|Any CPU.ActiveCfg = Debug|Any CPU
		{835CCB1D-5C2A-435B-94A6-7198217CC08F}.Debug|Any CPU.Build.0 = Debug|Any CPU
		{835CCB1D-5C2A-435B-94A6-7198217CC08F}.Debug|x86.ActiveCfg = Debug|Any CPU
		{835CCB1D-5C2A-435B-94A6-7198217CC08F}.Debug|x86.Build.0 = Debug|Any CPU
		{835CCB1D-5C2A-435B-94A6-7198217CC08F}.Release|Any CPU.ActiveCfg = Release|Any CPU
		{835CCB1D-5C2A-435B-94A6-7198217CC08F}.Release|Any CPU.Build.0 = Release|Any CPU
		{835CCB1D-5C2A-435B-94A6-7198217CC08F}.Release|x86.ActiveCfg = Release|Any CPU
		{835CCB1D-5C2A-435B-94A6-7198217CC08F}.Release|x86.Build.0 = Release|Any CPU
		{EF5C7793-C3D5-4FA6-8766-19A0665EEC58}.Debug|Any CPU.ActiveCfg = Debug|Any CPU
		{EF5C7793-C3D5-4FA6-8766-19A0665EEC58}.Debug|Any CPU.Build.0 = Debug|Any CPU
		{EF5C7793-C3D5-4FA6-8766-19A0665EEC58}.Debug|x86.ActiveCfg = Debug|x86
		{EF5C7793-C3D5-4FA6-8766-19A0665EEC58}.Debug|x86.Build.0 = Debug|x86
		{EF5C7793-C3D5-4FA6-8766-19A0665EEC58}.Release|Any CPU.ActiveCfg = Release|Any CPU
		{EF5C7793-C3D5-4FA6-8766-19A0665EEC58}.Release|Any CPU.Build.0 = Release|Any CPU
		{EF5C7793-C3D5-4FA6-8766-19A0665EEC58}.Release|x86.ActiveCfg = Release|x86
		{EF5C7793-C3D5-4FA6-8766-19A0665EEC58}.Release|x86.Build.0 = Release|x86
		{4EDEBDB1-7D65-40CC-844E-8AA01873B6D6}.Debug|Any CPU.ActiveCfg = Debug|Any CPU
		{4EDEBDB1-7D65-40CC-844E-8AA01873B6D6}.Debug|Any CPU.Build.0 = Debug|Any CPU
		{4EDEBDB1-7D65-40CC-844E-8AA01873B6D6}.Debug|x86.ActiveCfg = Debug|Any CPU
		{4EDEBDB1-7D65-40CC-844E-8AA01873B6D6}.Debug|x86.Build.0 = Debug|Any CPU
		{4EDEBDB1-7D65-40CC-844E-8AA01873B6D6}.Release|Any CPU.ActiveCfg = Release|Any CPU
		{4EDEBDB1-7D65-40CC-844E-8AA01873B6D6}.Release|Any CPU.Build.0 = Release|Any CPU
		{4EDEBDB1-7D65-40CC-844E-8AA01873B6D6}.Release|x86.ActiveCfg = Release|Any CPU
		{4EDEBDB1-7D65-40CC-844E-8AA01873B6D6}.Release|x86.Build.0 = Release|Any CPU
		{377F1D51-3A6D-4E63-98A5-A8E064E30A15}.Debug|Any CPU.ActiveCfg = Debug|Any CPU
		{377F1D51-3A6D-4E63-98A5-A8E064E30A15}.Debug|Any CPU.Build.0 = Debug|Any CPU
		{377F1D51-3A6D-4E63-98A5-A8E064E30A15}.Debug|x86.ActiveCfg = Debug|Any CPU
		{377F1D51-3A6D-4E63-98A5-A8E064E30A15}.Debug|x86.Build.0 = Debug|Any CPU
		{377F1D51-3A6D-4E63-98A5-A8E064E30A15}.Release|Any CPU.ActiveCfg = Release|Any CPU
		{377F1D51-3A6D-4E63-98A5-A8E064E30A15}.Release|Any CPU.Build.0 = Release|Any CPU
		{377F1D51-3A6D-4E63-98A5-A8E064E30A15}.Release|x86.ActiveCfg = Release|Any CPU
		{377F1D51-3A6D-4E63-98A5-A8E064E30A15}.Release|x86.Build.0 = Release|Any CPU
		{9D8D8AB0-F912-47D7-B8A6-37BDF83DBE86}.Debug|Any CPU.ActiveCfg = Debug|Any CPU
		{9D8D8AB0-F912-47D7-B8A6-37BDF83DBE86}.Debug|Any CPU.Build.0 = Debug|Any CPU
		{9D8D8AB0-F912-47D7-B8A6-37BDF83DBE86}.Debug|x86.ActiveCfg = Debug|Any CPU
		{9D8D8AB0-F912-47D7-B8A6-37BDF83DBE86}.Debug|x86.Build.0 = Debug|Any CPU
		{9D8D8AB0-F912-47D7-B8A6-37BDF83DBE86}.Release|Any CPU.ActiveCfg = Release|Any CPU
		{9D8D8AB0-F912-47D7-B8A6-37BDF83DBE86}.Release|Any CPU.Build.0 = Release|Any CPU
		{9D8D8AB0-F912-47D7-B8A6-37BDF83DBE86}.Release|x86.ActiveCfg = Release|Any CPU
		{9D8D8AB0-F912-47D7-B8A6-37BDF83DBE86}.Release|x86.Build.0 = Release|Any CPU
		{79AA28F5-06DF-4F2A-BFF7-A4680F6FD010}.Debug|Any CPU.ActiveCfg = Debug|Any CPU
		{79AA28F5-06DF-4F2A-BFF7-A4680F6FD010}.Debug|Any CPU.Build.0 = Debug|Any CPU
		{79AA28F5-06DF-4F2A-BFF7-A4680F6FD010}.Debug|x86.ActiveCfg = Debug|Any CPU
		{79AA28F5-06DF-4F2A-BFF7-A4680F6FD010}.Debug|x86.Build.0 = Debug|Any CPU
		{79AA28F5-06DF-4F2A-BFF7-A4680F6FD010}.Release|Any CPU.ActiveCfg = Release|Any CPU
		{79AA28F5-06DF-4F2A-BFF7-A4680F6FD010}.Release|Any CPU.Build.0 = Release|Any CPU
		{79AA28F5-06DF-4F2A-BFF7-A4680F6FD010}.Release|x86.ActiveCfg = Release|Any CPU
		{79AA28F5-06DF-4F2A-BFF7-A4680F6FD010}.Release|x86.Build.0 = Release|Any CPU
		{73C78C6A-31E2-4EC0-8F2E-384B431C224D}.Debug|Any CPU.ActiveCfg = Debug|Any CPU
		{73C78C6A-31E2-4EC0-8F2E-384B431C224D}.Debug|Any CPU.Build.0 = Debug|Any CPU
		{73C78C6A-31E2-4EC0-8F2E-384B431C224D}.Debug|x86.ActiveCfg = Debug|Any CPU
		{73C78C6A-31E2-4EC0-8F2E-384B431C224D}.Debug|x86.Build.0 = Debug|Any CPU
		{73C78C6A-31E2-4EC0-8F2E-384B431C224D}.Release|Any CPU.ActiveCfg = Release|Any CPU
		{73C78C6A-31E2-4EC0-8F2E-384B431C224D}.Release|Any CPU.Build.0 = Release|Any CPU
		{73C78C6A-31E2-4EC0-8F2E-384B431C224D}.Release|x86.ActiveCfg = Release|Any CPU
		{73C78C6A-31E2-4EC0-8F2E-384B431C224D}.Release|x86.Build.0 = Release|Any CPU
		{4E0CE3BF-E112-4C6D-A19D-2F0619906D4B}.Debug|Any CPU.ActiveCfg = Debug|Any CPU
		{4E0CE3BF-E112-4C6D-A19D-2F0619906D4B}.Debug|Any CPU.Build.0 = Debug|Any CPU
		{4E0CE3BF-E112-4C6D-A19D-2F0619906D4B}.Debug|x86.ActiveCfg = Debug|Any CPU
		{4E0CE3BF-E112-4C6D-A19D-2F0619906D4B}.Debug|x86.Build.0 = Debug|Any CPU
		{4E0CE3BF-E112-4C6D-A19D-2F0619906D4B}.Release|Any CPU.ActiveCfg = Release|Any CPU
		{4E0CE3BF-E112-4C6D-A19D-2F0619906D4B}.Release|Any CPU.Build.0 = Release|Any CPU
		{4E0CE3BF-E112-4C6D-A19D-2F0619906D4B}.Release|x86.ActiveCfg = Release|Any CPU
		{4E0CE3BF-E112-4C6D-A19D-2F0619906D4B}.Release|x86.Build.0 = Release|Any CPU
		{C1A79C67-5C19-4E78-B889-AE708AF8421E}.Debug|Any CPU.ActiveCfg = Debug|Any CPU
		{C1A79C67-5C19-4E78-B889-AE708AF8421E}.Debug|Any CPU.Build.0 = Debug|Any CPU
		{C1A79C67-5C19-4E78-B889-AE708AF8421E}.Debug|x86.ActiveCfg = Debug|Any CPU
		{C1A79C67-5C19-4E78-B889-AE708AF8421E}.Debug|x86.Build.0 = Debug|Any CPU
		{C1A79C67-5C19-4E78-B889-AE708AF8421E}.Release|Any CPU.ActiveCfg = Release|Any CPU
		{C1A79C67-5C19-4E78-B889-AE708AF8421E}.Release|Any CPU.Build.0 = Release|Any CPU
		{C1A79C67-5C19-4E78-B889-AE708AF8421E}.Release|x86.ActiveCfg = Release|Any CPU
		{C1A79C67-5C19-4E78-B889-AE708AF8421E}.Release|x86.Build.0 = Release|Any CPU
		{E8C697C0-7705-450D-B294-A48D16373849}.Debug|Any CPU.ActiveCfg = Debug|Any CPU
		{E8C697C0-7705-450D-B294-A48D16373849}.Debug|Any CPU.Build.0 = Debug|Any CPU
		{E8C697C0-7705-450D-B294-A48D16373849}.Debug|x86.ActiveCfg = Debug|Any CPU
		{E8C697C0-7705-450D-B294-A48D16373849}.Debug|x86.Build.0 = Debug|Any CPU
		{E8C697C0-7705-450D-B294-A48D16373849}.Release|Any CPU.ActiveCfg = Release|Any CPU
		{E8C697C0-7705-450D-B294-A48D16373849}.Release|Any CPU.Build.0 = Release|Any CPU
		{E8C697C0-7705-450D-B294-A48D16373849}.Release|x86.ActiveCfg = Release|Any CPU
		{E8C697C0-7705-450D-B294-A48D16373849}.Release|x86.Build.0 = Release|Any CPU
		{DB0AC623-C667-491B-A3CD-CB4D04D76292}.Debug|Any CPU.ActiveCfg = Debug|Any CPU
		{DB0AC623-C667-491B-A3CD-CB4D04D76292}.Debug|Any CPU.Build.0 = Debug|Any CPU
		{DB0AC623-C667-491B-A3CD-CB4D04D76292}.Debug|x86.ActiveCfg = Debug|Any CPU
		{DB0AC623-C667-491B-A3CD-CB4D04D76292}.Debug|x86.Build.0 = Debug|Any CPU
		{DB0AC623-C667-491B-A3CD-CB4D04D76292}.Release|Any CPU.ActiveCfg = Release|Any CPU
		{DB0AC623-C667-491B-A3CD-CB4D04D76292}.Release|Any CPU.Build.0 = Release|Any CPU
		{DB0AC623-C667-491B-A3CD-CB4D04D76292}.Release|x86.ActiveCfg = Release|Any CPU
		{DB0AC623-C667-491B-A3CD-CB4D04D76292}.Release|x86.Build.0 = Release|Any CPU
		{54A3E68A-63A1-43F2-AF7E-4BB7B6BEA65E}.Debug|Any CPU.ActiveCfg = Debug|Any CPU
		{54A3E68A-63A1-43F2-AF7E-4BB7B6BEA65E}.Debug|Any CPU.Build.0 = Debug|Any CPU
		{54A3E68A-63A1-43F2-AF7E-4BB7B6BEA65E}.Debug|x86.ActiveCfg = Debug|Any CPU
		{54A3E68A-63A1-43F2-AF7E-4BB7B6BEA65E}.Debug|x86.Build.0 = Debug|Any CPU
		{54A3E68A-63A1-43F2-AF7E-4BB7B6BEA65E}.Release|Any CPU.ActiveCfg = Release|Any CPU
		{54A3E68A-63A1-43F2-AF7E-4BB7B6BEA65E}.Release|Any CPU.Build.0 = Release|Any CPU
		{54A3E68A-63A1-43F2-AF7E-4BB7B6BEA65E}.Release|x86.ActiveCfg = Release|Any CPU
		{54A3E68A-63A1-43F2-AF7E-4BB7B6BEA65E}.Release|x86.Build.0 = Release|Any CPU
		{D596095F-F060-4496-96B6-2BD03B068E16}.Debug|Any CPU.ActiveCfg = Debug|Any CPU
		{D596095F-F060-4496-96B6-2BD03B068E16}.Debug|Any CPU.Build.0 = Debug|Any CPU
		{D596095F-F060-4496-96B6-2BD03B068E16}.Debug|x86.ActiveCfg = Debug|Any CPU
		{D596095F-F060-4496-96B6-2BD03B068E16}.Debug|x86.Build.0 = Debug|Any CPU
		{D596095F-F060-4496-96B6-2BD03B068E16}.Release|Any CPU.ActiveCfg = Release|Any CPU
		{D596095F-F060-4496-96B6-2BD03B068E16}.Release|Any CPU.Build.0 = Release|Any CPU
		{D596095F-F060-4496-96B6-2BD03B068E16}.Release|x86.ActiveCfg = Release|Any CPU
		{D596095F-F060-4496-96B6-2BD03B068E16}.Release|x86.Build.0 = Release|Any CPU
		{E7CD91FA-58B6-44C8-AE15-830212597DBD}.Debug|Any CPU.ActiveCfg = Debug|Any CPU
		{E7CD91FA-58B6-44C8-AE15-830212597DBD}.Debug|Any CPU.Build.0 = Debug|Any CPU
		{E7CD91FA-58B6-44C8-AE15-830212597DBD}.Debug|x86.ActiveCfg = Debug|Any CPU
		{E7CD91FA-58B6-44C8-AE15-830212597DBD}.Debug|x86.Build.0 = Debug|Any CPU
		{E7CD91FA-58B6-44C8-AE15-830212597DBD}.Release|Any CPU.ActiveCfg = Release|Any CPU
		{E7CD91FA-58B6-44C8-AE15-830212597DBD}.Release|Any CPU.Build.0 = Release|Any CPU
		{E7CD91FA-58B6-44C8-AE15-830212597DBD}.Release|x86.ActiveCfg = Release|Any CPU
		{E7CD91FA-58B6-44C8-AE15-830212597DBD}.Release|x86.Build.0 = Release|Any CPU
		{181FE707-E161-4722-9F38-6AAAB6FAA106}.Debug|Any CPU.ActiveCfg = Debug|Any CPU
		{181FE707-E161-4722-9F38-6AAAB6FAA106}.Debug|Any CPU.Build.0 = Debug|Any CPU
		{181FE707-E161-4722-9F38-6AAAB6FAA106}.Debug|x86.ActiveCfg = Debug|Any CPU
		{181FE707-E161-4722-9F38-6AAAB6FAA106}.Debug|x86.Build.0 = Debug|Any CPU
		{181FE707-E161-4722-9F38-6AAAB6FAA106}.Release|Any CPU.ActiveCfg = Release|Any CPU
		{181FE707-E161-4722-9F38-6AAAB6FAA106}.Release|Any CPU.Build.0 = Release|Any CPU
		{181FE707-E161-4722-9F38-6AAAB6FAA106}.Release|x86.ActiveCfg = Release|Any CPU
		{181FE707-E161-4722-9F38-6AAAB6FAA106}.Release|x86.Build.0 = Release|Any CPU
	EndGlobalSection
	GlobalSection(SolutionProperties) = preSolution
		HideSolutionNode = FALSE
	EndGlobalSection
	GlobalSection(NestedProjects) = preSolution
		{BCCF7AEA-B76B-46B0-B176-575F2FDF9A5D} = {E166349C-D97F-4CA4-97B3-67AE7EDB1397}
		{BB41AC8B-CBED-4387-A7E0-4567EDB3F57F} = {F1C98741-F0D6-44A2-B7EE-EEB3CBD83A0C}
		{7316584D-9A16-4280-A8AB-6D45198C6E4D} = {F1C98741-F0D6-44A2-B7EE-EEB3CBD83A0C}
		{5A2FCAE8-C2FA-41BD-90EA-16103EA07B26} = {F1C98741-F0D6-44A2-B7EE-EEB3CBD83A0C}
		{AF988819-4618-4852-9506-C1D06D04F6B2} = {F1C98741-F0D6-44A2-B7EE-EEB3CBD83A0C}
		{08E42C79-A5E7-4B29-9204-158893576F3C} = {7AA3BEBE-B65C-42FD-94CC-8363F427B02B}
		{04ED01E2-EE07-48B4-B7DA-E1745C80EAD6} = {6ECF5ABA-03DB-4F22-A745-933A674AA1E5}
		{20C9EE4C-BB7A-46E4-8894-4DA467638079} = {6ECF5ABA-03DB-4F22-A745-933A674AA1E5}
		{65CA9D8E-353F-48D8-B6A4-C8B3CFFEB2B6} = {6ECF5ABA-03DB-4F22-A745-933A674AA1E5}
		{CECE9247-125F-4CDD-8518-E54DAB5B6BFE} = {7AA3BEBE-B65C-42FD-94CC-8363F427B02B}
		{17F67E62-4EB3-4C7B-A2B8-D1FE96C8B707} = {6ECF5ABA-03DB-4F22-A745-933A674AA1E5}
		{4000C449-B8B3-4E8F-91A3-D196D953E2EE} = {7AA3BEBE-B65C-42FD-94CC-8363F427B02B}
		{B4136C12-D307-42AF-B2D4-4BF8DD593C6A} = {7AA3BEBE-B65C-42FD-94CC-8363F427B02B}
		{94D4053F-4943-457C-963C-4616081E4145} = {7AA3BEBE-B65C-42FD-94CC-8363F427B02B}
		{74F3B6DE-FE00-433C-A658-9169FF0B3456} = {D8AFF38D-FCCA-4E78-B684-0EDC3E8D7C53}
		{61444396-8AFD-4041-B9A0-6D3B36440024} = {D8AFF38D-FCCA-4E78-B684-0EDC3E8D7C53}
		{EC562C27-03C6-47C1-9C6F-70DCBC9BF01B} = {D8AFF38D-FCCA-4E78-B684-0EDC3E8D7C53}
		{3DD01ADF-6859-4D75-AAE0-473C7DFE944B} = {D8AFF38D-FCCA-4E78-B684-0EDC3E8D7C53}
		{D6312221-F728-4A36-8811-E958A530C113} = {D8AFF38D-FCCA-4E78-B684-0EDC3E8D7C53}
		{DA35348D-039B-4A62-B8C5-046715A0C999} = {D8AFF38D-FCCA-4E78-B684-0EDC3E8D7C53}
		{3016FA05-CC20-4725-9095-DEB7A77C5DEA} = {D8AFF38D-FCCA-4E78-B684-0EDC3E8D7C53}
		{E21BA0D2-9CF5-478F-9E50-5AFE78712B97} = {D8AFF38D-FCCA-4E78-B684-0EDC3E8D7C53}
		{DB4AD150-0A23-4A20-9874-54A2D935F634} = {D8AFF38D-FCCA-4E78-B684-0EDC3E8D7C53}
		{77DA8FE7-3D02-4BD1-8FBA-9E9871CE7B9C} = {D8AFF38D-FCCA-4E78-B684-0EDC3E8D7C53}
		{18AC07DC-DB13-404D-AF23-C3A9AC5EF476} = {D8AFF38D-FCCA-4E78-B684-0EDC3E8D7C53}
		{323CA08D-7749-484C-B7A3-EE709D1AF0FA} = {D8AFF38D-FCCA-4E78-B684-0EDC3E8D7C53}
		{F812FB79-4E6E-4813-9267-DE741BED5773} = {D8AFF38D-FCCA-4E78-B684-0EDC3E8D7C53}
		{D438C0B3-A168-40B8-BDDD-61F0939DFF35} = {D8AFF38D-FCCA-4E78-B684-0EDC3E8D7C53}
		{9D3F12E6-6BDD-4DED-8B25-D877780640B4} = {D8AFF38D-FCCA-4E78-B684-0EDC3E8D7C53}
		{82C67C11-88B3-4F02-8E29-57A7F27042F7} = {D8AFF38D-FCCA-4E78-B684-0EDC3E8D7C53}
		{94F414D4-4C82-46FE-96FC-B0F1C1FAAB5A} = {D8AFF38D-FCCA-4E78-B684-0EDC3E8D7C53}
		{970A4E1C-2828-4E49-A6AC-462EFFD1B8D4} = {D8AFF38D-FCCA-4E78-B684-0EDC3E8D7C53}
		{F83315EC-3CD0-413F-B8E6-C6259FB75A10} = {D8AFF38D-FCCA-4E78-B684-0EDC3E8D7C53}
		{541D259A-D204-4BFA-8095-DBDC24AA693B} = {D8AFF38D-FCCA-4E78-B684-0EDC3E8D7C53}
		{7FC5C6DA-C58A-4661-9337-1DD3B3E021BC} = {D8AFF38D-FCCA-4E78-B684-0EDC3E8D7C53}
		{B5168C1F-6145-4453-9E20-D2F69883B49B} = {D8AFF38D-FCCA-4E78-B684-0EDC3E8D7C53}
		{341F62AE-4E3D-4383-8CC6-CC12AD4B86BD} = {D8AFF38D-FCCA-4E78-B684-0EDC3E8D7C53}
		{D5ECCF03-314B-4117-B9DD-B57F303C358A} = {D8AFF38D-FCCA-4E78-B684-0EDC3E8D7C53}
		{B25160E3-133A-4A0A-8822-65159A8FB90F} = {D8AFF38D-FCCA-4E78-B684-0EDC3E8D7C53}
		{24FC1A2A-0BC3-43A7-9BFE-B628C2C4A307} = {D8AFF38D-FCCA-4E78-B684-0EDC3E8D7C53}
		{8FAAE8BF-5830-44F0-985C-7BE18798EF78} = {D8AFF38D-FCCA-4E78-B684-0EDC3E8D7C53}
		{835CCB1D-5C2A-435B-94A6-7198217CC08F} = {D8AFF38D-FCCA-4E78-B684-0EDC3E8D7C53}
		{EF5C7793-C3D5-4FA6-8766-19A0665EEC58} = {D8AFF38D-FCCA-4E78-B684-0EDC3E8D7C53}
		{4EDEBDB1-7D65-40CC-844E-8AA01873B6D6} = {D8AFF38D-FCCA-4E78-B684-0EDC3E8D7C53}
		{377F1D51-3A6D-4E63-98A5-A8E064E30A15} = {D8AFF38D-FCCA-4E78-B684-0EDC3E8D7C53}
		{9D8D8AB0-F912-47D7-B8A6-37BDF83DBE86} = {D8AFF38D-FCCA-4E78-B684-0EDC3E8D7C53}
		{79AA28F5-06DF-4F2A-BFF7-A4680F6FD010} = {D8AFF38D-FCCA-4E78-B684-0EDC3E8D7C53}
		{73C78C6A-31E2-4EC0-8F2E-384B431C224D} = {D8AFF38D-FCCA-4E78-B684-0EDC3E8D7C53}
		{4E0CE3BF-E112-4C6D-A19D-2F0619906D4B} = {D8AFF38D-FCCA-4E78-B684-0EDC3E8D7C53}
		{C1A79C67-5C19-4E78-B889-AE708AF8421E} = {D8AFF38D-FCCA-4E78-B684-0EDC3E8D7C53}
		{E8C697C0-7705-450D-B294-A48D16373849} = {D8AFF38D-FCCA-4E78-B684-0EDC3E8D7C53}
		{DB0AC623-C667-491B-A3CD-CB4D04D76292} = {D8AFF38D-FCCA-4E78-B684-0EDC3E8D7C53}
		{54A3E68A-63A1-43F2-AF7E-4BB7B6BEA65E} = {D8AFF38D-FCCA-4E78-B684-0EDC3E8D7C53}
		{D596095F-F060-4496-96B6-2BD03B068E16} = {D8AFF38D-FCCA-4E78-B684-0EDC3E8D7C53}
		{E7CD91FA-58B6-44C8-AE15-830212597DBD} = {D8AFF38D-FCCA-4E78-B684-0EDC3E8D7C53}
		{181FE707-E161-4722-9F38-6AAAB6FAA106} = {D8AFF38D-FCCA-4E78-B684-0EDC3E8D7C53}
	EndGlobalSection
	GlobalSection(ExtensibilityGlobals) = postSolution
		SolutionGuid = {2A972E94-EFDE-452D-AA1D-EB6CFF13D73D}
	EndGlobalSection
	GlobalSection(TestCaseManagementSettings) = postSolution
		CategoryFile = SOAFramework.vsmdi
	EndGlobalSection
EndGlobal
